
Microsoft Visual Studio Solution File, Format Version 12.00
# Visual Studio 15
VisualStudioVersion = 15.0.26430.12
MinimumVisualStudioVersion = 10.0.40219.1
Project("{FAE04EC0-301F-11D3-BF4B-00C04F79EFBC}") = "MagicalYatzyXF.Android", "MagicalYatzyXF\MagicalYatzyXF.Android\MagicalYatzyXF.Android.csproj", "{6855308C-EA15-45A9-BDE7-64E8CCFAA1D1}"
EndProject
Project("{FAE04EC0-301F-11D3-BF4B-00C04F79EFBC}") = "MagicalYatzyXF.UWP", "MagicalYatzyXF\MagicalYatzyXF.UWP\MagicalYatzyXF.UWP.csproj", "{97F21E37-6797-4BE3-A7C6-113BBF83DDC2}"
EndProject
Project("{FAE04EC0-301F-11D3-BF4B-00C04F79EFBC}") = "MagicalYatzyXF.iOS", "MagicalYatzyXF\MagicalYatzyXF.iOS\MagicalYatzyXF.iOS.csproj", "{CD473CB9-2C0F-41DB-B3C4-DD6FE850896C}"
EndProject
Project("{2150E333-8FDC-42A3-9474-1A3956D46DE8}") = "XF", "XF", "{BF7280DD-B1C3-469B-9219-E8ACC2F631C3}"
EndProject
Project("{FAE04EC0-301F-11D3-BF4B-00C04F79EFBC}") = "MagicalYatzyXF", "MagicalYatzyXF\MagicalYatzyXF\MagicalYatzyXF.csproj", "{9E0BEA86-2A3E-4458-B9B2-8E924E7F4717}"
EndProject
Project("{FAE04EC0-301F-11D3-BF4B-00C04F79EFBC}") = "MagicalYatzy", "MagicalYatzy\MagicalYatzy.csproj", "{CF5D56A6-688C-45BF-BEC3-171D8197910A}"
EndProject
Project("{FAE04EC0-301F-11D3-BF4B-00C04F79EFBC}") = "MagicalYatzyXF.Mac", "MagicalYatzyXF\MagicalYatzyXF.Mac\MagicalYatzyXF.Mac.csproj", "{46B34E8C-D309-4012-9A35-DDAF339D4E6A}"
EndProject
Project("{2150E333-8FDC-42A3-9474-1A3956D46DE8}") = "Tests", "Tests", "{862A0595-9C71-46DE-9834-662062152BCF}"
EndProject
Project("{FAE04EC0-301F-11D3-BF4B-00C04F79EFBC}") = "MagicalYatzyUnitTests", "Tests\MagicalYatzyTests\MagicalYatzyUnitTests.csproj", "{3C109746-D714-4798-AC7E-A9AC685C7C15}"
EndProject
Global
	GlobalSection(SolutionConfigurationPlatforms) = preSolution
		Ad-Hoc|Any CPU = Ad-Hoc|Any CPU
		Ad-Hoc|ARM = Ad-Hoc|ARM
		Ad-Hoc|iPhone = Ad-Hoc|iPhone
		Ad-Hoc|iPhoneSimulator = Ad-Hoc|iPhoneSimulator
		Ad-Hoc|x64 = Ad-Hoc|x64
		Ad-Hoc|x86 = Ad-Hoc|x86
		AppStore|Any CPU = AppStore|Any CPU
		AppStore|ARM = AppStore|ARM
		AppStore|iPhone = AppStore|iPhone
		AppStore|iPhoneSimulator = AppStore|iPhoneSimulator
		AppStore|x64 = AppStore|x64
		AppStore|x86 = AppStore|x86
		Debug|Any CPU = Debug|Any CPU
		Debug|ARM = Debug|ARM
		Debug|iPhone = Debug|iPhone
		Debug|iPhoneSimulator = Debug|iPhoneSimulator
		Debug|x64 = Debug|x64
		Debug|x86 = Debug|x86
		Release|Any CPU = Release|Any CPU
		Release|ARM = Release|ARM
		Release|iPhone = Release|iPhone
		Release|iPhoneSimulator = Release|iPhoneSimulator
		Release|x64 = Release|x64
		Release|x86 = Release|x86
	EndGlobalSection
	GlobalSection(ProjectConfigurationPlatforms) = postSolution
		{6855308C-EA15-45A9-BDE7-64E8CCFAA1D1}.Ad-Hoc|Any CPU.ActiveCfg = Release|Any CPU
		{6855308C-EA15-45A9-BDE7-64E8CCFAA1D1}.Ad-Hoc|Any CPU.Build.0 = Release|Any CPU
		{6855308C-EA15-45A9-BDE7-64E8CCFAA1D1}.Ad-Hoc|Any CPU.Deploy.0 = Release|Any CPU
		{6855308C-EA15-45A9-BDE7-64E8CCFAA1D1}.Ad-Hoc|ARM.ActiveCfg = Release|Any CPU
		{6855308C-EA15-45A9-BDE7-64E8CCFAA1D1}.Ad-Hoc|ARM.Build.0 = Release|Any CPU
		{6855308C-EA15-45A9-BDE7-64E8CCFAA1D1}.Ad-Hoc|ARM.Deploy.0 = Release|Any CPU
		{6855308C-EA15-45A9-BDE7-64E8CCFAA1D1}.Ad-Hoc|iPhone.ActiveCfg = Release|Any CPU
		{6855308C-EA15-45A9-BDE7-64E8CCFAA1D1}.Ad-Hoc|iPhone.Build.0 = Release|Any CPU
		{6855308C-EA15-45A9-BDE7-64E8CCFAA1D1}.Ad-Hoc|iPhone.Deploy.0 = Release|Any CPU
		{6855308C-EA15-45A9-BDE7-64E8CCFAA1D1}.Ad-Hoc|iPhoneSimulator.ActiveCfg = Release|Any CPU
		{6855308C-EA15-45A9-BDE7-64E8CCFAA1D1}.Ad-Hoc|iPhoneSimulator.Build.0 = Release|Any CPU
		{6855308C-EA15-45A9-BDE7-64E8CCFAA1D1}.Ad-Hoc|iPhoneSimulator.Deploy.0 = Release|Any CPU
		{6855308C-EA15-45A9-BDE7-64E8CCFAA1D1}.Ad-Hoc|x64.ActiveCfg = Release|Any CPU
		{6855308C-EA15-45A9-BDE7-64E8CCFAA1D1}.Ad-Hoc|x64.Build.0 = Release|Any CPU
		{6855308C-EA15-45A9-BDE7-64E8CCFAA1D1}.Ad-Hoc|x64.Deploy.0 = Release|Any CPU
		{6855308C-EA15-45A9-BDE7-64E8CCFAA1D1}.Ad-Hoc|x86.ActiveCfg = Release|Any CPU
		{6855308C-EA15-45A9-BDE7-64E8CCFAA1D1}.Ad-Hoc|x86.Build.0 = Release|Any CPU
		{6855308C-EA15-45A9-BDE7-64E8CCFAA1D1}.Ad-Hoc|x86.Deploy.0 = Release|Any CPU
		{6855308C-EA15-45A9-BDE7-64E8CCFAA1D1}.AppStore|Any CPU.ActiveCfg = Release|Any CPU
		{6855308C-EA15-45A9-BDE7-64E8CCFAA1D1}.AppStore|Any CPU.Build.0 = Release|Any CPU
		{6855308C-EA15-45A9-BDE7-64E8CCFAA1D1}.AppStore|Any CPU.Deploy.0 = Release|Any CPU
		{6855308C-EA15-45A9-BDE7-64E8CCFAA1D1}.AppStore|ARM.ActiveCfg = Release|Any CPU
		{6855308C-EA15-45A9-BDE7-64E8CCFAA1D1}.AppStore|ARM.Build.0 = Release|Any CPU
		{6855308C-EA15-45A9-BDE7-64E8CCFAA1D1}.AppStore|ARM.Deploy.0 = Release|Any CPU
		{6855308C-EA15-45A9-BDE7-64E8CCFAA1D1}.AppStore|iPhone.ActiveCfg = Release|Any CPU
		{6855308C-EA15-45A9-BDE7-64E8CCFAA1D1}.AppStore|iPhone.Build.0 = Release|Any CPU
		{6855308C-EA15-45A9-BDE7-64E8CCFAA1D1}.AppStore|iPhone.Deploy.0 = Release|Any CPU
		{6855308C-EA15-45A9-BDE7-64E8CCFAA1D1}.AppStore|iPhoneSimulator.ActiveCfg = Release|Any CPU
		{6855308C-EA15-45A9-BDE7-64E8CCFAA1D1}.AppStore|iPhoneSimulator.Build.0 = Release|Any CPU
		{6855308C-EA15-45A9-BDE7-64E8CCFAA1D1}.AppStore|iPhoneSimulator.Deploy.0 = Release|Any CPU
		{6855308C-EA15-45A9-BDE7-64E8CCFAA1D1}.AppStore|x64.ActiveCfg = Release|Any CPU
		{6855308C-EA15-45A9-BDE7-64E8CCFAA1D1}.AppStore|x64.Build.0 = Release|Any CPU
		{6855308C-EA15-45A9-BDE7-64E8CCFAA1D1}.AppStore|x64.Deploy.0 = Release|Any CPU
		{6855308C-EA15-45A9-BDE7-64E8CCFAA1D1}.AppStore|x86.ActiveCfg = Release|Any CPU
		{6855308C-EA15-45A9-BDE7-64E8CCFAA1D1}.AppStore|x86.Build.0 = Release|Any CPU
		{6855308C-EA15-45A9-BDE7-64E8CCFAA1D1}.AppStore|x86.Deploy.0 = Release|Any CPU
		{6855308C-EA15-45A9-BDE7-64E8CCFAA1D1}.Debug|Any CPU.ActiveCfg = Debug|Any CPU
		{6855308C-EA15-45A9-BDE7-64E8CCFAA1D1}.Debug|Any CPU.Build.0 = Debug|Any CPU
		{6855308C-EA15-45A9-BDE7-64E8CCFAA1D1}.Debug|Any CPU.Deploy.0 = Debug|Any CPU
		{6855308C-EA15-45A9-BDE7-64E8CCFAA1D1}.Debug|ARM.ActiveCfg = Debug|Any CPU
		{6855308C-EA15-45A9-BDE7-64E8CCFAA1D1}.Debug|ARM.Build.0 = Debug|Any CPU
		{6855308C-EA15-45A9-BDE7-64E8CCFAA1D1}.Debug|ARM.Deploy.0 = Debug|Any CPU
		{6855308C-EA15-45A9-BDE7-64E8CCFAA1D1}.Debug|iPhone.ActiveCfg = Debug|Any CPU
		{6855308C-EA15-45A9-BDE7-64E8CCFAA1D1}.Debug|iPhone.Build.0 = Debug|Any CPU
		{6855308C-EA15-45A9-BDE7-64E8CCFAA1D1}.Debug|iPhone.Deploy.0 = Debug|Any CPU
		{6855308C-EA15-45A9-BDE7-64E8CCFAA1D1}.Debug|iPhoneSimulator.ActiveCfg = Debug|Any CPU
		{6855308C-EA15-45A9-BDE7-64E8CCFAA1D1}.Debug|iPhoneSimulator.Build.0 = Debug|Any CPU
		{6855308C-EA15-45A9-BDE7-64E8CCFAA1D1}.Debug|iPhoneSimulator.Deploy.0 = Debug|Any CPU
		{6855308C-EA15-45A9-BDE7-64E8CCFAA1D1}.Debug|x64.ActiveCfg = Debug|Any CPU
		{6855308C-EA15-45A9-BDE7-64E8CCFAA1D1}.Debug|x64.Build.0 = Debug|Any CPU
		{6855308C-EA15-45A9-BDE7-64E8CCFAA1D1}.Debug|x64.Deploy.0 = Debug|Any CPU
		{6855308C-EA15-45A9-BDE7-64E8CCFAA1D1}.Debug|x86.ActiveCfg = Debug|Any CPU
		{6855308C-EA15-45A9-BDE7-64E8CCFAA1D1}.Debug|x86.Build.0 = Debug|Any CPU
		{6855308C-EA15-45A9-BDE7-64E8CCFAA1D1}.Debug|x86.Deploy.0 = Debug|Any CPU
		{6855308C-EA15-45A9-BDE7-64E8CCFAA1D1}.Release|Any CPU.ActiveCfg = Release|Any CPU
		{6855308C-EA15-45A9-BDE7-64E8CCFAA1D1}.Release|Any CPU.Build.0 = Release|Any CPU
		{6855308C-EA15-45A9-BDE7-64E8CCFAA1D1}.Release|Any CPU.Deploy.0 = Release|Any CPU
		{6855308C-EA15-45A9-BDE7-64E8CCFAA1D1}.Release|ARM.ActiveCfg = Release|Any CPU
		{6855308C-EA15-45A9-BDE7-64E8CCFAA1D1}.Release|ARM.Build.0 = Release|Any CPU
		{6855308C-EA15-45A9-BDE7-64E8CCFAA1D1}.Release|ARM.Deploy.0 = Release|Any CPU
		{6855308C-EA15-45A9-BDE7-64E8CCFAA1D1}.Release|iPhone.ActiveCfg = Release|Any CPU
		{6855308C-EA15-45A9-BDE7-64E8CCFAA1D1}.Release|iPhone.Build.0 = Release|Any CPU
		{6855308C-EA15-45A9-BDE7-64E8CCFAA1D1}.Release|iPhone.Deploy.0 = Release|Any CPU
		{6855308C-EA15-45A9-BDE7-64E8CCFAA1D1}.Release|iPhoneSimulator.ActiveCfg = Release|Any CPU
		{6855308C-EA15-45A9-BDE7-64E8CCFAA1D1}.Release|iPhoneSimulator.Build.0 = Release|Any CPU
		{6855308C-EA15-45A9-BDE7-64E8CCFAA1D1}.Release|iPhoneSimulator.Deploy.0 = Release|Any CPU
		{6855308C-EA15-45A9-BDE7-64E8CCFAA1D1}.Release|x64.ActiveCfg = Release|Any CPU
		{6855308C-EA15-45A9-BDE7-64E8CCFAA1D1}.Release|x64.Build.0 = Release|Any CPU
		{6855308C-EA15-45A9-BDE7-64E8CCFAA1D1}.Release|x64.Deploy.0 = Release|Any CPU
		{6855308C-EA15-45A9-BDE7-64E8CCFAA1D1}.Release|x86.ActiveCfg = Release|Any CPU
		{6855308C-EA15-45A9-BDE7-64E8CCFAA1D1}.Release|x86.Build.0 = Release|Any CPU
		{6855308C-EA15-45A9-BDE7-64E8CCFAA1D1}.Release|x86.Deploy.0 = Release|Any CPU
		{97F21E37-6797-4BE3-A7C6-113BBF83DDC2}.Ad-Hoc|Any CPU.ActiveCfg = Release|x86
		{97F21E37-6797-4BE3-A7C6-113BBF83DDC2}.Ad-Hoc|Any CPU.Build.0 = Release|x86
		{97F21E37-6797-4BE3-A7C6-113BBF83DDC2}.Ad-Hoc|Any CPU.Deploy.0 = Release|x86
		{97F21E37-6797-4BE3-A7C6-113BBF83DDC2}.Ad-Hoc|ARM.ActiveCfg = Release|ARM
		{97F21E37-6797-4BE3-A7C6-113BBF83DDC2}.Ad-Hoc|ARM.Build.0 = Release|ARM
		{97F21E37-6797-4BE3-A7C6-113BBF83DDC2}.Ad-Hoc|ARM.Deploy.0 = Release|ARM
		{97F21E37-6797-4BE3-A7C6-113BBF83DDC2}.Ad-Hoc|iPhone.ActiveCfg = Release|x86
		{97F21E37-6797-4BE3-A7C6-113BBF83DDC2}.Ad-Hoc|iPhone.Build.0 = Release|x86
		{97F21E37-6797-4BE3-A7C6-113BBF83DDC2}.Ad-Hoc|iPhone.Deploy.0 = Release|x86
		{97F21E37-6797-4BE3-A7C6-113BBF83DDC2}.Ad-Hoc|iPhoneSimulator.ActiveCfg = Release|x86
		{97F21E37-6797-4BE3-A7C6-113BBF83DDC2}.Ad-Hoc|iPhoneSimulator.Build.0 = Release|x86
		{97F21E37-6797-4BE3-A7C6-113BBF83DDC2}.Ad-Hoc|iPhoneSimulator.Deploy.0 = Release|x86
		{97F21E37-6797-4BE3-A7C6-113BBF83DDC2}.Ad-Hoc|x64.ActiveCfg = Release|x64
		{97F21E37-6797-4BE3-A7C6-113BBF83DDC2}.Ad-Hoc|x64.Build.0 = Release|x64
		{97F21E37-6797-4BE3-A7C6-113BBF83DDC2}.Ad-Hoc|x64.Deploy.0 = Release|x64
		{97F21E37-6797-4BE3-A7C6-113BBF83DDC2}.Ad-Hoc|x86.ActiveCfg = Release|x86
		{97F21E37-6797-4BE3-A7C6-113BBF83DDC2}.Ad-Hoc|x86.Build.0 = Release|x86
		{97F21E37-6797-4BE3-A7C6-113BBF83DDC2}.Ad-Hoc|x86.Deploy.0 = Release|x86
		{97F21E37-6797-4BE3-A7C6-113BBF83DDC2}.AppStore|Any CPU.ActiveCfg = Release|x86
		{97F21E37-6797-4BE3-A7C6-113BBF83DDC2}.AppStore|Any CPU.Build.0 = Release|x86
		{97F21E37-6797-4BE3-A7C6-113BBF83DDC2}.AppStore|Any CPU.Deploy.0 = Release|x86
		{97F21E37-6797-4BE3-A7C6-113BBF83DDC2}.AppStore|ARM.ActiveCfg = Release|ARM
		{97F21E37-6797-4BE3-A7C6-113BBF83DDC2}.AppStore|ARM.Build.0 = Release|ARM
		{97F21E37-6797-4BE3-A7C6-113BBF83DDC2}.AppStore|ARM.Deploy.0 = Release|ARM
		{97F21E37-6797-4BE3-A7C6-113BBF83DDC2}.AppStore|iPhone.ActiveCfg = Release|x86
		{97F21E37-6797-4BE3-A7C6-113BBF83DDC2}.AppStore|iPhone.Build.0 = Release|x86
		{97F21E37-6797-4BE3-A7C6-113BBF83DDC2}.AppStore|iPhone.Deploy.0 = Release|x86
		{97F21E37-6797-4BE3-A7C6-113BBF83DDC2}.AppStore|iPhoneSimulator.ActiveCfg = Release|x86
		{97F21E37-6797-4BE3-A7C6-113BBF83DDC2}.AppStore|iPhoneSimulator.Build.0 = Release|x86
		{97F21E37-6797-4BE3-A7C6-113BBF83DDC2}.AppStore|iPhoneSimulator.Deploy.0 = Release|x86
		{97F21E37-6797-4BE3-A7C6-113BBF83DDC2}.AppStore|x64.ActiveCfg = Release|x64
		{97F21E37-6797-4BE3-A7C6-113BBF83DDC2}.AppStore|x64.Build.0 = Release|x64
		{97F21E37-6797-4BE3-A7C6-113BBF83DDC2}.AppStore|x64.Deploy.0 = Release|x64
		{97F21E37-6797-4BE3-A7C6-113BBF83DDC2}.AppStore|x86.ActiveCfg = Release|x86
		{97F21E37-6797-4BE3-A7C6-113BBF83DDC2}.AppStore|x86.Build.0 = Release|x86
		{97F21E37-6797-4BE3-A7C6-113BBF83DDC2}.AppStore|x86.Deploy.0 = Release|x86
		{97F21E37-6797-4BE3-A7C6-113BBF83DDC2}.Debug|Any CPU.ActiveCfg = Debug|x64
		{97F21E37-6797-4BE3-A7C6-113BBF83DDC2}.Debug|Any CPU.Build.0 = Debug|x64
		{97F21E37-6797-4BE3-A7C6-113BBF83DDC2}.Debug|Any CPU.Deploy.0 = Debug|x64
		{97F21E37-6797-4BE3-A7C6-113BBF83DDC2}.Debug|ARM.ActiveCfg = Debug|ARM
		{97F21E37-6797-4BE3-A7C6-113BBF83DDC2}.Debug|ARM.Build.0 = Debug|ARM
		{97F21E37-6797-4BE3-A7C6-113BBF83DDC2}.Debug|ARM.Deploy.0 = Debug|ARM
		{97F21E37-6797-4BE3-A7C6-113BBF83DDC2}.Debug|iPhone.ActiveCfg = Debug|x86
		{97F21E37-6797-4BE3-A7C6-113BBF83DDC2}.Debug|iPhoneSimulator.ActiveCfg = Debug|x86
		{97F21E37-6797-4BE3-A7C6-113BBF83DDC2}.Debug|x64.ActiveCfg = Debug|x64
		{97F21E37-6797-4BE3-A7C6-113BBF83DDC2}.Debug|x64.Build.0 = Debug|x64
		{97F21E37-6797-4BE3-A7C6-113BBF83DDC2}.Debug|x64.Deploy.0 = Debug|x64
		{97F21E37-6797-4BE3-A7C6-113BBF83DDC2}.Debug|x86.ActiveCfg = Debug|x86
		{97F21E37-6797-4BE3-A7C6-113BBF83DDC2}.Debug|x86.Build.0 = Debug|x86
		{97F21E37-6797-4BE3-A7C6-113BBF83DDC2}.Debug|x86.Deploy.0 = Debug|x86
		{97F21E37-6797-4BE3-A7C6-113BBF83DDC2}.Release|Any CPU.ActiveCfg = Release|x86
		{97F21E37-6797-4BE3-A7C6-113BBF83DDC2}.Release|ARM.ActiveCfg = Release|ARM
		{97F21E37-6797-4BE3-A7C6-113BBF83DDC2}.Release|ARM.Build.0 = Release|ARM
		{97F21E37-6797-4BE3-A7C6-113BBF83DDC2}.Release|ARM.Deploy.0 = Release|ARM
		{97F21E37-6797-4BE3-A7C6-113BBF83DDC2}.Release|iPhone.ActiveCfg = Release|x86
		{97F21E37-6797-4BE3-A7C6-113BBF83DDC2}.Release|iPhoneSimulator.ActiveCfg = Release|x86
		{97F21E37-6797-4BE3-A7C6-113BBF83DDC2}.Release|x64.ActiveCfg = Release|x64
		{97F21E37-6797-4BE3-A7C6-113BBF83DDC2}.Release|x64.Build.0 = Release|x64
		{97F21E37-6797-4BE3-A7C6-113BBF83DDC2}.Release|x64.Deploy.0 = Release|x64
		{97F21E37-6797-4BE3-A7C6-113BBF83DDC2}.Release|x86.ActiveCfg = Release|x86
		{97F21E37-6797-4BE3-A7C6-113BBF83DDC2}.Release|x86.Build.0 = Release|x86
		{97F21E37-6797-4BE3-A7C6-113BBF83DDC2}.Release|x86.Deploy.0 = Release|x86
		{CD473CB9-2C0F-41DB-B3C4-DD6FE850896C}.Ad-Hoc|Any CPU.ActiveCfg = Ad-Hoc|iPhone
		{CD473CB9-2C0F-41DB-B3C4-DD6FE850896C}.Ad-Hoc|ARM.ActiveCfg = Ad-Hoc|iPhone
		{CD473CB9-2C0F-41DB-B3C4-DD6FE850896C}.Ad-Hoc|iPhone.ActiveCfg = Ad-Hoc|iPhone
		{CD473CB9-2C0F-41DB-B3C4-DD6FE850896C}.Ad-Hoc|iPhone.Build.0 = Ad-Hoc|iPhone
		{CD473CB9-2C0F-41DB-B3C4-DD6FE850896C}.Ad-Hoc|iPhoneSimulator.ActiveCfg = Ad-Hoc|iPhoneSimulator
		{CD473CB9-2C0F-41DB-B3C4-DD6FE850896C}.Ad-Hoc|iPhoneSimulator.Build.0 = Ad-Hoc|iPhoneSimulator
		{CD473CB9-2C0F-41DB-B3C4-DD6FE850896C}.Ad-Hoc|x64.ActiveCfg = Ad-Hoc|iPhone
		{CD473CB9-2C0F-41DB-B3C4-DD6FE850896C}.Ad-Hoc|x86.ActiveCfg = Ad-Hoc|iPhone
		{CD473CB9-2C0F-41DB-B3C4-DD6FE850896C}.AppStore|Any CPU.ActiveCfg = AppStore|iPhone
		{CD473CB9-2C0F-41DB-B3C4-DD6FE850896C}.AppStore|ARM.ActiveCfg = AppStore|iPhone
		{CD473CB9-2C0F-41DB-B3C4-DD6FE850896C}.AppStore|iPhone.ActiveCfg = AppStore|iPhone
		{CD473CB9-2C0F-41DB-B3C4-DD6FE850896C}.AppStore|iPhone.Build.0 = AppStore|iPhone
		{CD473CB9-2C0F-41DB-B3C4-DD6FE850896C}.AppStore|iPhoneSimulator.ActiveCfg = AppStore|iPhoneSimulator
		{CD473CB9-2C0F-41DB-B3C4-DD6FE850896C}.AppStore|iPhoneSimulator.Build.0 = AppStore|iPhoneSimulator
		{CD473CB9-2C0F-41DB-B3C4-DD6FE850896C}.AppStore|x64.ActiveCfg = AppStore|iPhone
		{CD473CB9-2C0F-41DB-B3C4-DD6FE850896C}.AppStore|x86.ActiveCfg = AppStore|iPhone
		{CD473CB9-2C0F-41DB-B3C4-DD6FE850896C}.Debug|Any CPU.ActiveCfg = Debug|iPhoneSimulator
		{CD473CB9-2C0F-41DB-B3C4-DD6FE850896C}.Debug|ARM.ActiveCfg = Debug|iPhone
		{CD473CB9-2C0F-41DB-B3C4-DD6FE850896C}.Debug|iPhone.ActiveCfg = Debug|iPhone
		{CD473CB9-2C0F-41DB-B3C4-DD6FE850896C}.Debug|iPhone.Build.0 = Debug|iPhone
		{CD473CB9-2C0F-41DB-B3C4-DD6FE850896C}.Debug|iPhoneSimulator.ActiveCfg = Debug|iPhoneSimulator
		{CD473CB9-2C0F-41DB-B3C4-DD6FE850896C}.Debug|iPhoneSimulator.Build.0 = Debug|iPhoneSimulator
		{CD473CB9-2C0F-41DB-B3C4-DD6FE850896C}.Debug|x64.ActiveCfg = Debug|iPhone
		{CD473CB9-2C0F-41DB-B3C4-DD6FE850896C}.Debug|x86.ActiveCfg = Debug|iPhone
		{CD473CB9-2C0F-41DB-B3C4-DD6FE850896C}.Release|Any CPU.ActiveCfg = Release|iPhone
		{CD473CB9-2C0F-41DB-B3C4-DD6FE850896C}.Release|ARM.ActiveCfg = Release|iPhone
		{CD473CB9-2C0F-41DB-B3C4-DD6FE850896C}.Release|iPhone.ActiveCfg = Release|iPhone
		{CD473CB9-2C0F-41DB-B3C4-DD6FE850896C}.Release|iPhone.Build.0 = Release|iPhone
		{CD473CB9-2C0F-41DB-B3C4-DD6FE850896C}.Release|iPhoneSimulator.ActiveCfg = Release|iPhoneSimulator
		{CD473CB9-2C0F-41DB-B3C4-DD6FE850896C}.Release|iPhoneSimulator.Build.0 = Release|iPhoneSimulator
		{CD473CB9-2C0F-41DB-B3C4-DD6FE850896C}.Release|x64.ActiveCfg = Release|iPhone
		{CD473CB9-2C0F-41DB-B3C4-DD6FE850896C}.Release|x86.ActiveCfg = Release|iPhone
		{9E0BEA86-2A3E-4458-B9B2-8E924E7F4717}.Ad-Hoc|Any CPU.ActiveCfg = Debug|Any CPU
		{9E0BEA86-2A3E-4458-B9B2-8E924E7F4717}.Ad-Hoc|Any CPU.Build.0 = Debug|Any CPU
		{9E0BEA86-2A3E-4458-B9B2-8E924E7F4717}.Ad-Hoc|ARM.ActiveCfg = Debug|Any CPU
		{9E0BEA86-2A3E-4458-B9B2-8E924E7F4717}.Ad-Hoc|ARM.Build.0 = Debug|Any CPU
		{9E0BEA86-2A3E-4458-B9B2-8E924E7F4717}.Ad-Hoc|iPhone.ActiveCfg = Debug|Any CPU
		{9E0BEA86-2A3E-4458-B9B2-8E924E7F4717}.Ad-Hoc|iPhone.Build.0 = Debug|Any CPU
		{9E0BEA86-2A3E-4458-B9B2-8E924E7F4717}.Ad-Hoc|iPhoneSimulator.ActiveCfg = Debug|Any CPU
		{9E0BEA86-2A3E-4458-B9B2-8E924E7F4717}.Ad-Hoc|iPhoneSimulator.Build.0 = Debug|Any CPU
		{9E0BEA86-2A3E-4458-B9B2-8E924E7F4717}.Ad-Hoc|x64.ActiveCfg = Debug|Any CPU
		{9E0BEA86-2A3E-4458-B9B2-8E924E7F4717}.Ad-Hoc|x64.Build.0 = Debug|Any CPU
		{9E0BEA86-2A3E-4458-B9B2-8E924E7F4717}.Ad-Hoc|x86.ActiveCfg = Debug|Any CPU
		{9E0BEA86-2A3E-4458-B9B2-8E924E7F4717}.Ad-Hoc|x86.Build.0 = Debug|Any CPU
		{9E0BEA86-2A3E-4458-B9B2-8E924E7F4717}.AppStore|Any CPU.ActiveCfg = Debug|Any CPU
		{9E0BEA86-2A3E-4458-B9B2-8E924E7F4717}.AppStore|Any CPU.Build.0 = Debug|Any CPU
		{9E0BEA86-2A3E-4458-B9B2-8E924E7F4717}.AppStore|ARM.ActiveCfg = Debug|Any CPU
		{9E0BEA86-2A3E-4458-B9B2-8E924E7F4717}.AppStore|ARM.Build.0 = Debug|Any CPU
		{9E0BEA86-2A3E-4458-B9B2-8E924E7F4717}.AppStore|iPhone.ActiveCfg = Debug|Any CPU
		{9E0BEA86-2A3E-4458-B9B2-8E924E7F4717}.AppStore|iPhone.Build.0 = Debug|Any CPU
		{9E0BEA86-2A3E-4458-B9B2-8E924E7F4717}.AppStore|iPhoneSimulator.ActiveCfg = Debug|Any CPU
		{9E0BEA86-2A3E-4458-B9B2-8E924E7F4717}.AppStore|iPhoneSimulator.Build.0 = Debug|Any CPU
		{9E0BEA86-2A3E-4458-B9B2-8E924E7F4717}.AppStore|x64.ActiveCfg = Debug|Any CPU
		{9E0BEA86-2A3E-4458-B9B2-8E924E7F4717}.AppStore|x64.Build.0 = Debug|Any CPU
		{9E0BEA86-2A3E-4458-B9B2-8E924E7F4717}.AppStore|x86.ActiveCfg = Debug|Any CPU
		{9E0BEA86-2A3E-4458-B9B2-8E924E7F4717}.AppStore|x86.Build.0 = Debug|Any CPU
		{9E0BEA86-2A3E-4458-B9B2-8E924E7F4717}.Debug|Any CPU.ActiveCfg = Debug|Any CPU
		{9E0BEA86-2A3E-4458-B9B2-8E924E7F4717}.Debug|Any CPU.Build.0 = Debug|Any CPU
		{9E0BEA86-2A3E-4458-B9B2-8E924E7F4717}.Debug|ARM.ActiveCfg = Debug|Any CPU
		{9E0BEA86-2A3E-4458-B9B2-8E924E7F4717}.Debug|ARM.Build.0 = Debug|Any CPU
		{9E0BEA86-2A3E-4458-B9B2-8E924E7F4717}.Debug|iPhone.ActiveCfg = Debug|Any CPU
		{9E0BEA86-2A3E-4458-B9B2-8E924E7F4717}.Debug|iPhone.Build.0 = Debug|Any CPU
		{9E0BEA86-2A3E-4458-B9B2-8E924E7F4717}.Debug|iPhoneSimulator.ActiveCfg = Debug|Any CPU
		{9E0BEA86-2A3E-4458-B9B2-8E924E7F4717}.Debug|iPhoneSimulator.Build.0 = Debug|Any CPU
		{9E0BEA86-2A3E-4458-B9B2-8E924E7F4717}.Debug|x64.ActiveCfg = Debug|Any CPU
		{9E0BEA86-2A3E-4458-B9B2-8E924E7F4717}.Debug|x64.Build.0 = Debug|Any CPU
		{9E0BEA86-2A3E-4458-B9B2-8E924E7F4717}.Debug|x86.ActiveCfg = Debug|Any CPU
		{9E0BEA86-2A3E-4458-B9B2-8E924E7F4717}.Debug|x86.Build.0 = Debug|Any CPU
		{9E0BEA86-2A3E-4458-B9B2-8E924E7F4717}.Release|Any CPU.ActiveCfg = Release|Any CPU
		{9E0BEA86-2A3E-4458-B9B2-8E924E7F4717}.Release|Any CPU.Build.0 = Release|Any CPU
		{9E0BEA86-2A3E-4458-B9B2-8E924E7F4717}.Release|ARM.ActiveCfg = Release|Any CPU
		{9E0BEA86-2A3E-4458-B9B2-8E924E7F4717}.Release|ARM.Build.0 = Release|Any CPU
		{9E0BEA86-2A3E-4458-B9B2-8E924E7F4717}.Release|iPhone.ActiveCfg = Release|Any CPU
		{9E0BEA86-2A3E-4458-B9B2-8E924E7F4717}.Release|iPhone.Build.0 = Release|Any CPU
		{9E0BEA86-2A3E-4458-B9B2-8E924E7F4717}.Release|iPhoneSimulator.ActiveCfg = Release|Any CPU
		{9E0BEA86-2A3E-4458-B9B2-8E924E7F4717}.Release|iPhoneSimulator.Build.0 = Release|Any CPU
		{9E0BEA86-2A3E-4458-B9B2-8E924E7F4717}.Release|x64.ActiveCfg = Release|Any CPU
		{9E0BEA86-2A3E-4458-B9B2-8E924E7F4717}.Release|x64.Build.0 = Release|Any CPU
		{9E0BEA86-2A3E-4458-B9B2-8E924E7F4717}.Release|x86.ActiveCfg = Release|Any CPU
		{9E0BEA86-2A3E-4458-B9B2-8E924E7F4717}.Release|x86.Build.0 = Release|Any CPU
		{CF5D56A6-688C-45BF-BEC3-171D8197910A}.Ad-Hoc|Any CPU.ActiveCfg = Debug|Any CPU
		{CF5D56A6-688C-45BF-BEC3-171D8197910A}.Ad-Hoc|Any CPU.Build.0 = Debug|Any CPU
		{CF5D56A6-688C-45BF-BEC3-171D8197910A}.Ad-Hoc|ARM.ActiveCfg = Debug|Any CPU
		{CF5D56A6-688C-45BF-BEC3-171D8197910A}.Ad-Hoc|ARM.Build.0 = Debug|Any CPU
		{CF5D56A6-688C-45BF-BEC3-171D8197910A}.Ad-Hoc|iPhone.ActiveCfg = Debug|Any CPU
		{CF5D56A6-688C-45BF-BEC3-171D8197910A}.Ad-Hoc|iPhone.Build.0 = Debug|Any CPU
		{CF5D56A6-688C-45BF-BEC3-171D8197910A}.Ad-Hoc|iPhoneSimulator.ActiveCfg = Debug|Any CPU
		{CF5D56A6-688C-45BF-BEC3-171D8197910A}.Ad-Hoc|iPhoneSimulator.Build.0 = Debug|Any CPU
		{CF5D56A6-688C-45BF-BEC3-171D8197910A}.Ad-Hoc|x64.ActiveCfg = Debug|Any CPU
		{CF5D56A6-688C-45BF-BEC3-171D8197910A}.Ad-Hoc|x64.Build.0 = Debug|Any CPU
		{CF5D56A6-688C-45BF-BEC3-171D8197910A}.Ad-Hoc|x86.ActiveCfg = Debug|Any CPU
		{CF5D56A6-688C-45BF-BEC3-171D8197910A}.Ad-Hoc|x86.Build.0 = Debug|Any CPU
		{CF5D56A6-688C-45BF-BEC3-171D8197910A}.AppStore|Any CPU.ActiveCfg = Debug|Any CPU
		{CF5D56A6-688C-45BF-BEC3-171D8197910A}.AppStore|Any CPU.Build.0 = Debug|Any CPU
		{CF5D56A6-688C-45BF-BEC3-171D8197910A}.AppStore|ARM.ActiveCfg = Debug|Any CPU
		{CF5D56A6-688C-45BF-BEC3-171D8197910A}.AppStore|ARM.Build.0 = Debug|Any CPU
		{CF5D56A6-688C-45BF-BEC3-171D8197910A}.AppStore|iPhone.ActiveCfg = Debug|Any CPU
		{CF5D56A6-688C-45BF-BEC3-171D8197910A}.AppStore|iPhone.Build.0 = Debug|Any CPU
		{CF5D56A6-688C-45BF-BEC3-171D8197910A}.AppStore|iPhoneSimulator.ActiveCfg = Debug|Any CPU
		{CF5D56A6-688C-45BF-BEC3-171D8197910A}.AppStore|iPhoneSimulator.Build.0 = Debug|Any CPU
		{CF5D56A6-688C-45BF-BEC3-171D8197910A}.AppStore|x64.ActiveCfg = Debug|Any CPU
		{CF5D56A6-688C-45BF-BEC3-171D8197910A}.AppStore|x64.Build.0 = Debug|Any CPU
		{CF5D56A6-688C-45BF-BEC3-171D8197910A}.AppStore|x86.ActiveCfg = Debug|Any CPU
		{CF5D56A6-688C-45BF-BEC3-171D8197910A}.AppStore|x86.Build.0 = Debug|Any CPU
		{CF5D56A6-688C-45BF-BEC3-171D8197910A}.Debug|Any CPU.ActiveCfg = Debug|Any CPU
		{CF5D56A6-688C-45BF-BEC3-171D8197910A}.Debug|Any CPU.Build.0 = Debug|Any CPU
		{CF5D56A6-688C-45BF-BEC3-171D8197910A}.Debug|ARM.ActiveCfg = Debug|Any CPU
		{CF5D56A6-688C-45BF-BEC3-171D8197910A}.Debug|ARM.Build.0 = Debug|Any CPU
		{CF5D56A6-688C-45BF-BEC3-171D8197910A}.Debug|iPhone.ActiveCfg = Debug|Any CPU
		{CF5D56A6-688C-45BF-BEC3-171D8197910A}.Debug|iPhone.Build.0 = Debug|Any CPU
		{CF5D56A6-688C-45BF-BEC3-171D8197910A}.Debug|iPhoneSimulator.ActiveCfg = Debug|Any CPU
		{CF5D56A6-688C-45BF-BEC3-171D8197910A}.Debug|iPhoneSimulator.Build.0 = Debug|Any CPU
		{CF5D56A6-688C-45BF-BEC3-171D8197910A}.Debug|x64.ActiveCfg = Debug|Any CPU
		{CF5D56A6-688C-45BF-BEC3-171D8197910A}.Debug|x64.Build.0 = Debug|Any CPU
		{CF5D56A6-688C-45BF-BEC3-171D8197910A}.Debug|x86.ActiveCfg = Debug|Any CPU
		{CF5D56A6-688C-45BF-BEC3-171D8197910A}.Debug|x86.Build.0 = Debug|Any CPU
		{CF5D56A6-688C-45BF-BEC3-171D8197910A}.Release|Any CPU.ActiveCfg = Release|Any CPU
		{CF5D56A6-688C-45BF-BEC3-171D8197910A}.Release|Any CPU.Build.0 = Release|Any CPU
		{CF5D56A6-688C-45BF-BEC3-171D8197910A}.Release|ARM.ActiveCfg = Release|Any CPU
		{CF5D56A6-688C-45BF-BEC3-171D8197910A}.Release|ARM.Build.0 = Release|Any CPU
		{CF5D56A6-688C-45BF-BEC3-171D8197910A}.Release|iPhone.ActiveCfg = Release|Any CPU
		{CF5D56A6-688C-45BF-BEC3-171D8197910A}.Release|iPhone.Build.0 = Release|Any CPU
		{CF5D56A6-688C-45BF-BEC3-171D8197910A}.Release|iPhoneSimulator.ActiveCfg = Release|Any CPU
		{CF5D56A6-688C-45BF-BEC3-171D8197910A}.Release|iPhoneSimulator.Build.0 = Release|Any CPU
		{CF5D56A6-688C-45BF-BEC3-171D8197910A}.Release|x64.ActiveCfg = Release|Any CPU
		{CF5D56A6-688C-45BF-BEC3-171D8197910A}.Release|x64.Build.0 = Release|Any CPU
		{CF5D56A6-688C-45BF-BEC3-171D8197910A}.Release|x86.ActiveCfg = Release|Any CPU
		{CF5D56A6-688C-45BF-BEC3-171D8197910A}.Release|x86.Build.0 = Release|Any CPU
		{46B34E8C-D309-4012-9A35-DDAF339D4E6A}.Ad-Hoc|Any CPU.ActiveCfg = Debug|iPhoneSimulator
		{46B34E8C-D309-4012-9A35-DDAF339D4E6A}.Ad-Hoc|Any CPU.Build.0 = Debug|iPhoneSimulator
		{46B34E8C-D309-4012-9A35-DDAF339D4E6A}.Ad-Hoc|ARM.ActiveCfg = Debug|iPhoneSimulator
		{46B34E8C-D309-4012-9A35-DDAF339D4E6A}.Ad-Hoc|ARM.Build.0 = Debug|iPhoneSimulator
		{46B34E8C-D309-4012-9A35-DDAF339D4E6A}.Ad-Hoc|iPhone.ActiveCfg = Debug|iPhoneSimulator
		{46B34E8C-D309-4012-9A35-DDAF339D4E6A}.Ad-Hoc|iPhone.Build.0 = Debug|iPhoneSimulator
		{46B34E8C-D309-4012-9A35-DDAF339D4E6A}.Ad-Hoc|iPhoneSimulator.ActiveCfg = Debug|iPhoneSimulator
		{46B34E8C-D309-4012-9A35-DDAF339D4E6A}.Ad-Hoc|iPhoneSimulator.Build.0 = Debug|iPhoneSimulator
		{46B34E8C-D309-4012-9A35-DDAF339D4E6A}.Ad-Hoc|x64.ActiveCfg = Debug|iPhoneSimulator
		{46B34E8C-D309-4012-9A35-DDAF339D4E6A}.Ad-Hoc|x64.Build.0 = Debug|iPhoneSimulator
		{46B34E8C-D309-4012-9A35-DDAF339D4E6A}.Ad-Hoc|x86.ActiveCfg = Debug|iPhoneSimulator
		{46B34E8C-D309-4012-9A35-DDAF339D4E6A}.Ad-Hoc|x86.Build.0 = Debug|iPhoneSimulator
		{46B34E8C-D309-4012-9A35-DDAF339D4E6A}.AppStore|Any CPU.ActiveCfg = Debug|iPhoneSimulator
		{46B34E8C-D309-4012-9A35-DDAF339D4E6A}.AppStore|Any CPU.Build.0 = Debug|iPhoneSimulator
		{46B34E8C-D309-4012-9A35-DDAF339D4E6A}.AppStore|ARM.ActiveCfg = Debug|iPhoneSimulator
		{46B34E8C-D309-4012-9A35-DDAF339D4E6A}.AppStore|ARM.Build.0 = Debug|iPhoneSimulator
		{46B34E8C-D309-4012-9A35-DDAF339D4E6A}.AppStore|iPhone.ActiveCfg = Debug|iPhoneSimulator
		{46B34E8C-D309-4012-9A35-DDAF339D4E6A}.AppStore|iPhone.Build.0 = Debug|iPhoneSimulator
		{46B34E8C-D309-4012-9A35-DDAF339D4E6A}.AppStore|iPhoneSimulator.ActiveCfg = Debug|iPhoneSimulator
		{46B34E8C-D309-4012-9A35-DDAF339D4E6A}.AppStore|iPhoneSimulator.Build.0 = Debug|iPhoneSimulator
		{46B34E8C-D309-4012-9A35-DDAF339D4E6A}.AppStore|x64.ActiveCfg = Debug|iPhoneSimulator
		{46B34E8C-D309-4012-9A35-DDAF339D4E6A}.AppStore|x64.Build.0 = Debug|iPhoneSimulator
		{46B34E8C-D309-4012-9A35-DDAF339D4E6A}.AppStore|x86.ActiveCfg = Debug|iPhoneSimulator
		{46B34E8C-D309-4012-9A35-DDAF339D4E6A}.AppStore|x86.Build.0 = Debug|iPhoneSimulator
		{46B34E8C-D309-4012-9A35-DDAF339D4E6A}.Debug|Any CPU.ActiveCfg = Debug|iPhoneSimulator
		{46B34E8C-D309-4012-9A35-DDAF339D4E6A}.Debug|Any CPU.Build.0 = Debug|iPhoneSimulator
		{46B34E8C-D309-4012-9A35-DDAF339D4E6A}.Debug|ARM.ActiveCfg = Debug|iPhoneSimulator
		{46B34E8C-D309-4012-9A35-DDAF339D4E6A}.Debug|ARM.Build.0 = Debug|iPhoneSimulator
		{46B34E8C-D309-4012-9A35-DDAF339D4E6A}.Debug|iPhone.ActiveCfg = Debug|iPhoneSimulator
		{46B34E8C-D309-4012-9A35-DDAF339D4E6A}.Debug|iPhone.Build.0 = Debug|iPhoneSimulator
		{46B34E8C-D309-4012-9A35-DDAF339D4E6A}.Debug|iPhoneSimulator.ActiveCfg = Debug|iPhoneSimulator
		{46B34E8C-D309-4012-9A35-DDAF339D4E6A}.Debug|iPhoneSimulator.Build.0 = Debug|iPhoneSimulator
		{46B34E8C-D309-4012-9A35-DDAF339D4E6A}.Debug|x64.ActiveCfg = Debug|iPhoneSimulator
		{46B34E8C-D309-4012-9A35-DDAF339D4E6A}.Debug|x64.Build.0 = Debug|iPhoneSimulator
		{46B34E8C-D309-4012-9A35-DDAF339D4E6A}.Debug|x86.ActiveCfg = Debug|iPhoneSimulator
		{46B34E8C-D309-4012-9A35-DDAF339D4E6A}.Debug|x86.Build.0 = Debug|iPhoneSimulator
		{46B34E8C-D309-4012-9A35-DDAF339D4E6A}.Release|Any CPU.ActiveCfg = Release|iPhoneSimulator
		{46B34E8C-D309-4012-9A35-DDAF339D4E6A}.Release|Any CPU.Build.0 = Release|iPhoneSimulator
		{46B34E8C-D309-4012-9A35-DDAF339D4E6A}.Release|ARM.ActiveCfg = Release|iPhoneSimulator
		{46B34E8C-D309-4012-9A35-DDAF339D4E6A}.Release|ARM.Build.0 = Release|iPhoneSimulator
		{46B34E8C-D309-4012-9A35-DDAF339D4E6A}.Release|iPhone.ActiveCfg = Release|iPhoneSimulator
		{46B34E8C-D309-4012-9A35-DDAF339D4E6A}.Release|iPhone.Build.0 = Release|iPhoneSimulator
		{46B34E8C-D309-4012-9A35-DDAF339D4E6A}.Release|iPhoneSimulator.ActiveCfg = Release|iPhoneSimulator
		{46B34E8C-D309-4012-9A35-DDAF339D4E6A}.Release|iPhoneSimulator.Build.0 = Release|iPhoneSimulator
		{46B34E8C-D309-4012-9A35-DDAF339D4E6A}.Release|x64.ActiveCfg = Release|iPhoneSimulator
		{46B34E8C-D309-4012-9A35-DDAF339D4E6A}.Release|x64.Build.0 = Release|iPhoneSimulator
		{46B34E8C-D309-4012-9A35-DDAF339D4E6A}.Release|x86.ActiveCfg = Release|iPhoneSimulator
		{46B34E8C-D309-4012-9A35-DDAF339D4E6A}.Release|x86.Build.0 = Release|iPhoneSimulator
		{3C109746-D714-4798-AC7E-A9AC685C7C15}.Ad-Hoc|Any CPU.ActiveCfg = Release|Any CPU
		{3C109746-D714-4798-AC7E-A9AC685C7C15}.Ad-Hoc|Any CPU.Build.0 = Release|Any CPU
		{3C109746-D714-4798-AC7E-A9AC685C7C15}.Ad-Hoc|ARM.ActiveCfg = Release|Any CPU
		{3C109746-D714-4798-AC7E-A9AC685C7C15}.Ad-Hoc|ARM.Build.0 = Release|Any CPU
		{3C109746-D714-4798-AC7E-A9AC685C7C15}.Ad-Hoc|iPhone.ActiveCfg = Release|Any CPU
		{3C109746-D714-4798-AC7E-A9AC685C7C15}.Ad-Hoc|iPhone.Build.0 = Release|Any CPU
		{3C109746-D714-4798-AC7E-A9AC685C7C15}.Ad-Hoc|iPhoneSimulator.ActiveCfg = Release|Any CPU
		{3C109746-D714-4798-AC7E-A9AC685C7C15}.Ad-Hoc|iPhoneSimulator.Build.0 = Release|Any CPU
		{3C109746-D714-4798-AC7E-A9AC685C7C15}.Ad-Hoc|x64.ActiveCfg = Release|Any CPU
		{3C109746-D714-4798-AC7E-A9AC685C7C15}.Ad-Hoc|x64.Build.0 = Release|Any CPU
		{3C109746-D714-4798-AC7E-A9AC685C7C15}.Ad-Hoc|x86.ActiveCfg = Release|Any CPU
		{3C109746-D714-4798-AC7E-A9AC685C7C15}.Ad-Hoc|x86.Build.0 = Release|Any CPU
		{3C109746-D714-4798-AC7E-A9AC685C7C15}.AppStore|Any CPU.ActiveCfg = Release|Any CPU
		{3C109746-D714-4798-AC7E-A9AC685C7C15}.AppStore|Any CPU.Build.0 = Release|Any CPU
		{3C109746-D714-4798-AC7E-A9AC685C7C15}.AppStore|ARM.ActiveCfg = Release|Any CPU
		{3C109746-D714-4798-AC7E-A9AC685C7C15}.AppStore|ARM.Build.0 = Release|Any CPU
		{3C109746-D714-4798-AC7E-A9AC685C7C15}.AppStore|iPhone.ActiveCfg = Release|Any CPU
		{3C109746-D714-4798-AC7E-A9AC685C7C15}.AppStore|iPhone.Build.0 = Release|Any CPU
		{3C109746-D714-4798-AC7E-A9AC685C7C15}.AppStore|iPhoneSimulator.ActiveCfg = Release|Any CPU
		{3C109746-D714-4798-AC7E-A9AC685C7C15}.AppStore|iPhoneSimulator.Build.0 = Release|Any CPU
		{3C109746-D714-4798-AC7E-A9AC685C7C15}.AppStore|x64.ActiveCfg = Release|Any CPU
		{3C109746-D714-4798-AC7E-A9AC685C7C15}.AppStore|x64.Build.0 = Release|Any CPU
		{3C109746-D714-4798-AC7E-A9AC685C7C15}.AppStore|x86.ActiveCfg = Release|Any CPU
		{3C109746-D714-4798-AC7E-A9AC685C7C15}.AppStore|x86.Build.0 = Release|Any CPU
		{3C109746-D714-4798-AC7E-A9AC685C7C15}.Debug|Any CPU.ActiveCfg = Debug|Any CPU
		{3C109746-D714-4798-AC7E-A9AC685C7C15}.Debug|Any CPU.Build.0 = Debug|Any CPU
		{3C109746-D714-4798-AC7E-A9AC685C7C15}.Debug|ARM.ActiveCfg = Debug|Any CPU
		{3C109746-D714-4798-AC7E-A9AC685C7C15}.Debug|ARM.Build.0 = Debug|Any CPU
		{3C109746-D714-4798-AC7E-A9AC685C7C15}.Debug|iPhone.ActiveCfg = Debug|Any CPU
		{3C109746-D714-4798-AC7E-A9AC685C7C15}.Debug|iPhone.Build.0 = Debug|Any CPU
		{3C109746-D714-4798-AC7E-A9AC685C7C15}.Debug|iPhoneSimulator.ActiveCfg = Debug|Any CPU
		{3C109746-D714-4798-AC7E-A9AC685C7C15}.Debug|iPhoneSimulator.Build.0 = Debug|Any CPU
		{3C109746-D714-4798-AC7E-A9AC685C7C15}.Debug|x64.ActiveCfg = Debug|Any CPU
		{3C109746-D714-4798-AC7E-A9AC685C7C15}.Debug|x64.Build.0 = Debug|Any CPU
		{3C109746-D714-4798-AC7E-A9AC685C7C15}.Debug|x86.ActiveCfg = Debug|Any CPU
		{3C109746-D714-4798-AC7E-A9AC685C7C15}.Debug|x86.Build.0 = Debug|Any CPU
		{3C109746-D714-4798-AC7E-A9AC685C7C15}.Release|Any CPU.ActiveCfg = Release|Any CPU
		{3C109746-D714-4798-AC7E-A9AC685C7C15}.Release|Any CPU.Build.0 = Release|Any CPU
		{3C109746-D714-4798-AC7E-A9AC685C7C15}.Release|ARM.ActiveCfg = Release|Any CPU
		{3C109746-D714-4798-AC7E-A9AC685C7C15}.Release|ARM.Build.0 = Release|Any CPU
		{3C109746-D714-4798-AC7E-A9AC685C7C15}.Release|iPhone.ActiveCfg = Release|Any CPU
		{3C109746-D714-4798-AC7E-A9AC685C7C15}.Release|iPhone.Build.0 = Release|Any CPU
		{3C109746-D714-4798-AC7E-A9AC685C7C15}.Release|iPhoneSimulator.ActiveCfg = Release|Any CPU
		{3C109746-D714-4798-AC7E-A9AC685C7C15}.Release|iPhoneSimulator.Build.0 = Release|Any CPU
		{3C109746-D714-4798-AC7E-A9AC685C7C15}.Release|x64.ActiveCfg = Release|Any CPU
		{3C109746-D714-4798-AC7E-A9AC685C7C15}.Release|x64.Build.0 = Release|Any CPU
		{3C109746-D714-4798-AC7E-A9AC685C7C15}.Release|x86.ActiveCfg = Release|Any CPU
		{3C109746-D714-4798-AC7E-A9AC685C7C15}.Release|x86.Build.0 = Release|Any CPU
	EndGlobalSection
	GlobalSection(SolutionProperties) = preSolution
		HideSolutionNode = FALSE
	EndGlobalSection
	GlobalSection(NestedProjects) = preSolution
		{6855308C-EA15-45A9-BDE7-64E8CCFAA1D1} = {BF7280DD-B1C3-469B-9219-E8ACC2F631C3}
		{97F21E37-6797-4BE3-A7C6-113BBF83DDC2} = {BF7280DD-B1C3-469B-9219-E8ACC2F631C3}
		{CD473CB9-2C0F-41DB-B3C4-DD6FE850896C} = {BF7280DD-B1C3-469B-9219-E8ACC2F631C3}
		{9E0BEA86-2A3E-4458-B9B2-8E924E7F4717} = {BF7280DD-B1C3-469B-9219-E8ACC2F631C3}
		{46B34E8C-D309-4012-9A35-DDAF339D4E6A} = {BF7280DD-B1C3-469B-9219-E8ACC2F631C3}
		{3C109746-D714-4798-AC7E-A9AC685C7C15} = {862A0595-9C71-46DE-9834-662062152BCF}
	EndGlobalSection
	GlobalSection(ExtensibilityGlobals) = postSolution
		SolutionGuid = {51A1C7F1-4B81-42AB-B4EE-747EE70039ED}
	EndGlobalSection
EndGlobal
