
Microsoft Visual Studio Solution File, Format Version 12.00
# Visual Studio 15
VisualStudioVersion = 15.0.26430.12
MinimumVisualStudioVersion = 10.0.40219.1
Project("{FAE04EC0-301F-11D3-BF4B-00C04F79EFBC}") = "MagicalYatzyXF.Android", "MagicalYatzyXF\MagicalYatzyXF.Android\MagicalYatzyXF.Android.csproj", "{6855308C-EA15-45A9-BDE7-64E8CCFAA1D1}"
EndProject
Project("{FAE04EC0-301F-11D3-BF4B-00C04F79EFBC}") = "MagicalYatzyXF.UWP", "MagicalYatzyXF\MagicalYatzyXF.UWP\MagicalYatzyXF.UWP.csproj", "{97F21E37-6797-4BE3-A7C6-113BBF83DDC2}"
EndProject
Project("{FAE04EC0-301F-11D3-BF4B-00C04F79EFBC}") = "MagicalYatzyXF.iOS", "MagicalYatzyXF\MagicalYatzyXF.iOS\MagicalYatzyXF.iOS.csproj", "{CD473CB9-2C0F-41DB-B3C4-DD6FE850896C}"
EndProject
Project("{2150E333-8FDC-42A3-9474-1A3956D46DE8}") = "XF", "XF", "{BF7280DD-B1C3-469B-9219-E8ACC2F631C3}"
EndProject
Project("{FAE04EC0-301F-11D3-BF4B-00C04F79EFBC}") = "MagicalYatzyXF", "MagicalYatzyXF\MagicalYatzyXF\MagicalYatzyXF.csproj", "{9E0BEA86-2A3E-4458-B9B2-8E924E7F4717}"
EndProject
Project("{FAE04EC0-301F-11D3-BF4B-00C04F79EFBC}") = "MagicalYatzy", "MagicalYatzy\MagicalYatzy.csproj", "{CF5D56A6-688C-45BF-BEC3-171D8197910A}"
EndProject
Project("{FAE04EC0-301F-11D3-BF4B-00C04F79EFBC}") = "MagicalYatzyXF.Mac", "MagicalYatzyXF\MagicalYatzyXF.Mac\MagicalYatzyXF.Mac.csproj", "{46B34E8C-D309-4012-9A35-DDAF339D4E6A}"
EndProject
Project("{2150E333-8FDC-42A3-9474-1A3956D46DE8}") = "Tests", "Tests", "{862A0595-9C71-46DE-9834-662062152BCF}"
EndProject
Project("{FAE04EC0-301F-11D3-BF4B-00C04F79EFBC}") = "MagicalYatzyTests", "Tests\MagicalYatzyTests\MagicalYatzyTests.csproj", "{FF997DC9-7658-474C-8CCB-53441B313E76}"
EndProject
Project("{2150E333-8FDC-42A3-9474-1A3956D46DE8}") = "Web", "Web", "{1685641B-8CD0-47DA-87DC-A7800BEDB2CD}"
EndProject
Project("{FAE04EC0-301F-11D3-BF4B-00C04F79EFBC}") = "MagicalYatzyXF.GTK", "MagicalYatzyXF\MagicalYatzyXF.GTK\MagicalYatzyXF.GTK.csproj", "{0622066C-F219-4B01-8A92-73BAC7995B6F}"
EndProject
Project("{2150E333-8FDC-42A3-9474-1A3956D46DE8}") = "Functions", "Functions", "{0810C888-14F9-4C8F-96D0-1B8ED90FEFEE}"
EndProject
Project("{FAE04EC0-301F-11D3-BF4B-00C04F79EFBC}") = "ScoreSaverFunction", "Web\Functions\ScoreSaverFunction\ScoreSaverFunction.csproj", "{38BA90FD-E3ED-41EE-9C9C-30637DB86FBE}"
EndProject
Project("{2150E333-8FDC-42A3-9474-1A3956D46DE8}") = "Core", "Core", "{64DF1DB6-C748-49DF-9547-28A56B4D807A}"
EndProject
Project("{FAE04EC0-301F-11D3-BF4B-00C04F79EFBC}") = "MagicalYatzyDto", "MagicalYatzyDto\MagicalYatzyDto.csproj", "{C1E6E7D2-DCBF-4ED6-AE8F-1AA55ACC0AEB}"
EndProject
Project("{FAE04EC0-301F-11D3-BF4B-00C04F79EFBC}") = "MagicalYatzyDtoTests", "Tests\MagicalYatzyDtoTests\MagicalYatzyDtoTests.csproj", "{D3C70072-9876-43AA-A8E1-7F6620322694}"
EndProject
Project("{2150E333-8FDC-42A3-9474-1A3956D46DE8}") = "Functions", "Functions", "{7C8EA02D-D318-41EE-AE81-FB0CDC1F6289}"
EndProject
Project("{FAE04EC0-301F-11D3-BF4B-00C04F79EFBC}") = "ScoreSaverTests", "Tests\Functions\ScoreSaverTests\ScoreSaverTests.csproj", "{93DAEE62-DFF0-489D-836A-8533E87C553F}"
EndProject
Project("{FAE04EC0-301F-11D3-BF4B-00C04F79EFBC}") = "LoginFunction", "Web\Functions\LoginFunction\LoginFunction.csproj", "{027A002E-DC10-4743-B278-D5304813F6B6}"
EndProject
Project("{FAE04EC0-301F-11D3-BF4B-00C04F79EFBC}") = "LoginTests", "Tests\Functions\LoginTests\LoginTests.csproj", "{FE263F24-28E4-4B66-8EBD-CB591DCE0DEC}"
EndProject
Project("{FAE04EC0-301F-11D3-BF4B-00C04F79EFBC}") = "FunctionTestUtils", "Tests\Functions\FunctionTestUtils\FunctionTestUtils.csproj", "{4531A5D0-6992-4999-B676-2696964090AD}"
EndProject
Project("{2150E333-8FDC-42A3-9474-1A3956D46DE8}") = "Avalonia", "Avalonia", "{223B492B-39A6-48DC-8833-0C53DEDC12F9}"
EndProject
Project("{FAE04EC0-301F-11D3-BF4B-00C04F79EFBC}") = "MagicalYatzyAUI", "MagicalYatzyAUI\MagicalYatzyAUI\MagicalYatzyAUI.csproj", "{37F83016-BBF8-42F3-9A04-46A8FEE0C046}"
EndProject
Project("{FAE04EC0-301F-11D3-BF4B-00C04F79EFBC}") = "MagicalYatzyAUI.Android", "MagicalYatzyAUI\MagicalYatzyAUI.Android\MagicalYatzyAUI.Android.csproj", "{953B273D-99BC-4C1D-85E4-5CFDB9B5D94C}"
EndProject
Project("{FAE04EC0-301F-11D3-BF4B-00C04F79EFBC}") = "MagicalYatzyAUI.Desktop", "MagicalYatzyAUI\MagicalYatzyAUI.Desktop\MagicalYatzyAUI.Desktop.csproj", "{C027236E-3C14-4EC9-87F6-34D0786E8160}"
EndProject
Project("{FAE04EC0-301F-11D3-BF4B-00C04F79EFBC}") = "MagicalYatzyAUI.iOS", "MagicalYatzyAUI\MagicalYatzyAUI.iOS\MagicalYatzyAUI.iOS.csproj", "{655C3DDA-36DB-4C54-B991-F9BD69EDB06A}"
EndProject
Project("{FAE04EC0-301F-11D3-BF4B-00C04F79EFBC}") = "MagicalYatzyAUI.Browser", "MagicalYatzyAUI\MagicalYatzyAUI.Browser\MagicalYatzyAUI.Browser.csproj", "{143D2FDD-2D5E-4237-B106-71A060F4E37E}"
EndProject
Global
	GlobalSection(SolutionConfigurationPlatforms) = preSolution
		Ad-Hoc|Any CPU = Ad-Hoc|Any CPU
		Ad-Hoc|ARM = Ad-Hoc|ARM
		Ad-Hoc|iPhone = Ad-Hoc|iPhone
		Ad-Hoc|iPhoneSimulator = Ad-Hoc|iPhoneSimulator
		Ad-Hoc|x64 = Ad-Hoc|x64
		Ad-Hoc|x86 = Ad-Hoc|x86
		AppStore|Any CPU = AppStore|Any CPU
		AppStore|ARM = AppStore|ARM
		AppStore|iPhone = AppStore|iPhone
		AppStore|iPhoneSimulator = AppStore|iPhoneSimulator
		AppStore|x64 = AppStore|x64
		AppStore|x86 = AppStore|x86
		Debug|Any CPU = Debug|Any CPU
		Debug|ARM = Debug|ARM
		Debug|iPhone = Debug|iPhone
		Debug|iPhoneSimulator = Debug|iPhoneSimulator
		Debug|x64 = Debug|x64
		Debug|x86 = Debug|x86
		Release|Any CPU = Release|Any CPU
		Release|ARM = Release|ARM
		Release|iPhone = Release|iPhone
		Release|iPhoneSimulator = Release|iPhoneSimulator
		Release|x64 = Release|x64
		Release|x86 = Release|x86
	EndGlobalSection
	GlobalSection(ProjectConfigurationPlatforms) = postSolution
		{6855308C-EA15-45A9-BDE7-64E8CCFAA1D1}.Ad-Hoc|Any CPU.ActiveCfg = Release|Any CPU
		{6855308C-EA15-45A9-BDE7-64E8CCFAA1D1}.Ad-Hoc|Any CPU.Build.0 = Release|Any CPU
		{6855308C-EA15-45A9-BDE7-64E8CCFAA1D1}.Ad-Hoc|Any CPU.Deploy.0 = Release|Any CPU
		{6855308C-EA15-45A9-BDE7-64E8CCFAA1D1}.Ad-Hoc|ARM.ActiveCfg = Release|Any CPU
		{6855308C-EA15-45A9-BDE7-64E8CCFAA1D1}.Ad-Hoc|ARM.Build.0 = Release|Any CPU
		{6855308C-EA15-45A9-BDE7-64E8CCFAA1D1}.Ad-Hoc|ARM.Deploy.0 = Release|Any CPU
		{6855308C-EA15-45A9-BDE7-64E8CCFAA1D1}.Ad-Hoc|iPhone.ActiveCfg = Release|Any CPU
		{6855308C-EA15-45A9-BDE7-64E8CCFAA1D1}.Ad-Hoc|iPhone.Build.0 = Release|Any CPU
		{6855308C-EA15-45A9-BDE7-64E8CCFAA1D1}.Ad-Hoc|iPhone.Deploy.0 = Release|Any CPU
		{6855308C-EA15-45A9-BDE7-64E8CCFAA1D1}.Ad-Hoc|iPhoneSimulator.ActiveCfg = Release|Any CPU
		{6855308C-EA15-45A9-BDE7-64E8CCFAA1D1}.Ad-Hoc|iPhoneSimulator.Build.0 = Release|Any CPU
		{6855308C-EA15-45A9-BDE7-64E8CCFAA1D1}.Ad-Hoc|iPhoneSimulator.Deploy.0 = Release|Any CPU
		{6855308C-EA15-45A9-BDE7-64E8CCFAA1D1}.Ad-Hoc|x64.ActiveCfg = Release|Any CPU
		{6855308C-EA15-45A9-BDE7-64E8CCFAA1D1}.Ad-Hoc|x64.Build.0 = Release|Any CPU
		{6855308C-EA15-45A9-BDE7-64E8CCFAA1D1}.Ad-Hoc|x64.Deploy.0 = Release|Any CPU
		{6855308C-EA15-45A9-BDE7-64E8CCFAA1D1}.Ad-Hoc|x86.ActiveCfg = Release|Any CPU
		{6855308C-EA15-45A9-BDE7-64E8CCFAA1D1}.Ad-Hoc|x86.Build.0 = Release|Any CPU
		{6855308C-EA15-45A9-BDE7-64E8CCFAA1D1}.Ad-Hoc|x86.Deploy.0 = Release|Any CPU
		{6855308C-EA15-45A9-BDE7-64E8CCFAA1D1}.AppStore|Any CPU.ActiveCfg = Release|Any CPU
		{6855308C-EA15-45A9-BDE7-64E8CCFAA1D1}.AppStore|Any CPU.Build.0 = Release|Any CPU
		{6855308C-EA15-45A9-BDE7-64E8CCFAA1D1}.AppStore|Any CPU.Deploy.0 = Release|Any CPU
		{6855308C-EA15-45A9-BDE7-64E8CCFAA1D1}.AppStore|ARM.ActiveCfg = Release|Any CPU
		{6855308C-EA15-45A9-BDE7-64E8CCFAA1D1}.AppStore|ARM.Build.0 = Release|Any CPU
		{6855308C-EA15-45A9-BDE7-64E8CCFAA1D1}.AppStore|ARM.Deploy.0 = Release|Any CPU
		{6855308C-EA15-45A9-BDE7-64E8CCFAA1D1}.AppStore|iPhone.ActiveCfg = Release|Any CPU
		{6855308C-EA15-45A9-BDE7-64E8CCFAA1D1}.AppStore|iPhoneSimulator.ActiveCfg = Release|Any CPU
		{6855308C-EA15-45A9-BDE7-64E8CCFAA1D1}.AppStore|iPhoneSimulator.Build.0 = Release|Any CPU
		{6855308C-EA15-45A9-BDE7-64E8CCFAA1D1}.AppStore|iPhoneSimulator.Deploy.0 = Release|Any CPU
		{6855308C-EA15-45A9-BDE7-64E8CCFAA1D1}.AppStore|x64.ActiveCfg = Release|Any CPU
		{6855308C-EA15-45A9-BDE7-64E8CCFAA1D1}.AppStore|x64.Build.0 = Release|Any CPU
		{6855308C-EA15-45A9-BDE7-64E8CCFAA1D1}.AppStore|x64.Deploy.0 = Release|Any CPU
		{6855308C-EA15-45A9-BDE7-64E8CCFAA1D1}.AppStore|x86.ActiveCfg = Release|Any CPU
		{6855308C-EA15-45A9-BDE7-64E8CCFAA1D1}.AppStore|x86.Deploy.0 = Release|Any CPU
		{6855308C-EA15-45A9-BDE7-64E8CCFAA1D1}.Debug|Any CPU.ActiveCfg = Debug|Any CPU
		{6855308C-EA15-45A9-BDE7-64E8CCFAA1D1}.Debug|Any CPU.Build.0 = Debug|Any CPU
		{6855308C-EA15-45A9-BDE7-64E8CCFAA1D1}.Debug|Any CPU.Deploy.0 = Debug|Any CPU
		{6855308C-EA15-45A9-BDE7-64E8CCFAA1D1}.Debug|ARM.ActiveCfg = Debug|Any CPU
		{6855308C-EA15-45A9-BDE7-64E8CCFAA1D1}.Debug|ARM.Build.0 = Debug|Any CPU
		{6855308C-EA15-45A9-BDE7-64E8CCFAA1D1}.Debug|ARM.Deploy.0 = Debug|Any CPU
		{6855308C-EA15-45A9-BDE7-64E8CCFAA1D1}.Debug|iPhone.ActiveCfg = Debug|Any CPU
		{6855308C-EA15-45A9-BDE7-64E8CCFAA1D1}.Debug|iPhone.Build.0 = Debug|Any CPU
		{6855308C-EA15-45A9-BDE7-64E8CCFAA1D1}.Debug|iPhone.Deploy.0 = Debug|Any CPU
		{6855308C-EA15-45A9-BDE7-64E8CCFAA1D1}.Debug|iPhoneSimulator.ActiveCfg = Debug|Any CPU
		{6855308C-EA15-45A9-BDE7-64E8CCFAA1D1}.Debug|x64.ActiveCfg = Debug|Any CPU
		{6855308C-EA15-45A9-BDE7-64E8CCFAA1D1}.Debug|x86.ActiveCfg = Debug|Any CPU
		{6855308C-EA15-45A9-BDE7-64E8CCFAA1D1}.Debug|x86.Build.0 = Debug|Any CPU
		{6855308C-EA15-45A9-BDE7-64E8CCFAA1D1}.Debug|x86.Deploy.0 = Debug|Any CPU
		{6855308C-EA15-45A9-BDE7-64E8CCFAA1D1}.Release|Any CPU.ActiveCfg = Release|Any CPU
		{6855308C-EA15-45A9-BDE7-64E8CCFAA1D1}.Release|Any CPU.Build.0 = Release|Any CPU
		{6855308C-EA15-45A9-BDE7-64E8CCFAA1D1}.Release|Any CPU.Deploy.0 = Release|Any CPU
		{6855308C-EA15-45A9-BDE7-64E8CCFAA1D1}.Release|ARM.ActiveCfg = Release|Any CPU
		{6855308C-EA15-45A9-BDE7-64E8CCFAA1D1}.Release|ARM.Build.0 = Release|Any CPU
		{6855308C-EA15-45A9-BDE7-64E8CCFAA1D1}.Release|ARM.Deploy.0 = Release|Any CPU
		{6855308C-EA15-45A9-BDE7-64E8CCFAA1D1}.Release|iPhone.ActiveCfg = Release|Any CPU
		{6855308C-EA15-45A9-BDE7-64E8CCFAA1D1}.Release|iPhone.Build.0 = Release|Any CPU
		{6855308C-EA15-45A9-BDE7-64E8CCFAA1D1}.Release|iPhone.Deploy.0 = Release|Any CPU
		{6855308C-EA15-45A9-BDE7-64E8CCFAA1D1}.Release|iPhoneSimulator.ActiveCfg = Release|Any CPU
		{6855308C-EA15-45A9-BDE7-64E8CCFAA1D1}.Release|iPhoneSimulator.Build.0 = Release|Any CPU
		{6855308C-EA15-45A9-BDE7-64E8CCFAA1D1}.Release|iPhoneSimulator.Deploy.0 = Release|Any CPU
		{6855308C-EA15-45A9-BDE7-64E8CCFAA1D1}.Release|x64.ActiveCfg = Release|Any CPU
		{6855308C-EA15-45A9-BDE7-64E8CCFAA1D1}.Release|x64.Build.0 = Release|Any CPU
		{6855308C-EA15-45A9-BDE7-64E8CCFAA1D1}.Release|x64.Deploy.0 = Release|Any CPU
		{6855308C-EA15-45A9-BDE7-64E8CCFAA1D1}.Release|x86.ActiveCfg = Release|Any CPU
		{6855308C-EA15-45A9-BDE7-64E8CCFAA1D1}.Release|x86.Build.0 = Release|Any CPU
		{6855308C-EA15-45A9-BDE7-64E8CCFAA1D1}.Release|x86.Deploy.0 = Release|Any CPU
		{97F21E37-6797-4BE3-A7C6-113BBF83DDC2}.Ad-Hoc|Any CPU.ActiveCfg = Release|x86
		{97F21E37-6797-4BE3-A7C6-113BBF83DDC2}.Ad-Hoc|Any CPU.Build.0 = Release|x86
		{97F21E37-6797-4BE3-A7C6-113BBF83DDC2}.Ad-Hoc|Any CPU.Deploy.0 = Release|x86
		{97F21E37-6797-4BE3-A7C6-113BBF83DDC2}.Ad-Hoc|ARM.ActiveCfg = Release|ARM
		{97F21E37-6797-4BE3-A7C6-113BBF83DDC2}.Ad-Hoc|ARM.Build.0 = Release|ARM
		{97F21E37-6797-4BE3-A7C6-113BBF83DDC2}.Ad-Hoc|ARM.Deploy.0 = Release|ARM
		{97F21E37-6797-4BE3-A7C6-113BBF83DDC2}.Ad-Hoc|iPhone.ActiveCfg = Release|x86
		{97F21E37-6797-4BE3-A7C6-113BBF83DDC2}.Ad-Hoc|iPhone.Build.0 = Release|x86
		{97F21E37-6797-4BE3-A7C6-113BBF83DDC2}.Ad-Hoc|iPhone.Deploy.0 = Release|x86
		{97F21E37-6797-4BE3-A7C6-113BBF83DDC2}.Ad-Hoc|iPhoneSimulator.ActiveCfg = Release|x86
		{97F21E37-6797-4BE3-A7C6-113BBF83DDC2}.Ad-Hoc|iPhoneSimulator.Build.0 = Release|x86
		{97F21E37-6797-4BE3-A7C6-113BBF83DDC2}.Ad-Hoc|iPhoneSimulator.Deploy.0 = Release|x86
		{97F21E37-6797-4BE3-A7C6-113BBF83DDC2}.Ad-Hoc|x64.ActiveCfg = Release|x64
		{97F21E37-6797-4BE3-A7C6-113BBF83DDC2}.Ad-Hoc|x64.Build.0 = Release|x64
		{97F21E37-6797-4BE3-A7C6-113BBF83DDC2}.Ad-Hoc|x64.Deploy.0 = Release|x64
		{97F21E37-6797-4BE3-A7C6-113BBF83DDC2}.Ad-Hoc|x86.ActiveCfg = Release|x86
		{97F21E37-6797-4BE3-A7C6-113BBF83DDC2}.Ad-Hoc|x86.Build.0 = Release|x86
		{97F21E37-6797-4BE3-A7C6-113BBF83DDC2}.Ad-Hoc|x86.Deploy.0 = Release|x86
		{97F21E37-6797-4BE3-A7C6-113BBF83DDC2}.AppStore|Any CPU.ActiveCfg = Release|x86
		{97F21E37-6797-4BE3-A7C6-113BBF83DDC2}.AppStore|Any CPU.Build.0 = Release|x86
		{97F21E37-6797-4BE3-A7C6-113BBF83DDC2}.AppStore|Any CPU.Deploy.0 = Release|x86
		{97F21E37-6797-4BE3-A7C6-113BBF83DDC2}.AppStore|ARM.ActiveCfg = Release|ARM
		{97F21E37-6797-4BE3-A7C6-113BBF83DDC2}.AppStore|ARM.Build.0 = Release|ARM
		{97F21E37-6797-4BE3-A7C6-113BBF83DDC2}.AppStore|ARM.Deploy.0 = Release|ARM
		{97F21E37-6797-4BE3-A7C6-113BBF83DDC2}.AppStore|iPhone.ActiveCfg = Release|x86
		{97F21E37-6797-4BE3-A7C6-113BBF83DDC2}.AppStore|iPhoneSimulator.ActiveCfg = Release|x86
		{97F21E37-6797-4BE3-A7C6-113BBF83DDC2}.AppStore|iPhoneSimulator.Build.0 = Release|x86
		{97F21E37-6797-4BE3-A7C6-113BBF83DDC2}.AppStore|iPhoneSimulator.Deploy.0 = Release|x86
		{97F21E37-6797-4BE3-A7C6-113BBF83DDC2}.AppStore|x64.ActiveCfg = Release|x64
		{97F21E37-6797-4BE3-A7C6-113BBF83DDC2}.AppStore|x64.Build.0 = Release|x64
		{97F21E37-6797-4BE3-A7C6-113BBF83DDC2}.AppStore|x64.Deploy.0 = Release|x64
		{97F21E37-6797-4BE3-A7C6-113BBF83DDC2}.AppStore|x86.ActiveCfg = Release|x86
		{97F21E37-6797-4BE3-A7C6-113BBF83DDC2}.AppStore|x86.Build.0 = Release|x86
		{97F21E37-6797-4BE3-A7C6-113BBF83DDC2}.AppStore|x86.Deploy.0 = Release|x86
		{97F21E37-6797-4BE3-A7C6-113BBF83DDC2}.Debug|Any CPU.ActiveCfg = Debug|x64
		{97F21E37-6797-4BE3-A7C6-113BBF83DDC2}.Debug|Any CPU.Build.0 = Debug|x64
		{97F21E37-6797-4BE3-A7C6-113BBF83DDC2}.Debug|Any CPU.Deploy.0 = Debug|x64
		{97F21E37-6797-4BE3-A7C6-113BBF83DDC2}.Debug|ARM.ActiveCfg = Debug|ARM
		{97F21E37-6797-4BE3-A7C6-113BBF83DDC2}.Debug|ARM.Build.0 = Debug|ARM
		{97F21E37-6797-4BE3-A7C6-113BBF83DDC2}.Debug|ARM.Deploy.0 = Debug|ARM
		{97F21E37-6797-4BE3-A7C6-113BBF83DDC2}.Debug|iPhone.ActiveCfg = Debug|x86
		{97F21E37-6797-4BE3-A7C6-113BBF83DDC2}.Debug|iPhoneSimulator.ActiveCfg = Debug|x86
		{97F21E37-6797-4BE3-A7C6-113BBF83DDC2}.Debug|x64.ActiveCfg = Debug|x64
		{97F21E37-6797-4BE3-A7C6-113BBF83DDC2}.Debug|x64.Build.0 = Debug|x64
		{97F21E37-6797-4BE3-A7C6-113BBF83DDC2}.Debug|x86.ActiveCfg = Debug|x86
		{97F21E37-6797-4BE3-A7C6-113BBF83DDC2}.Debug|x86.Build.0 = Debug|x86
		{97F21E37-6797-4BE3-A7C6-113BBF83DDC2}.Debug|x86.Deploy.0 = Debug|x86
		{97F21E37-6797-4BE3-A7C6-113BBF83DDC2}.Release|Any CPU.ActiveCfg = Release|x86
		{97F21E37-6797-4BE3-A7C6-113BBF83DDC2}.Release|ARM.ActiveCfg = Release|ARM
		{97F21E37-6797-4BE3-A7C6-113BBF83DDC2}.Release|ARM.Build.0 = Release|ARM
		{97F21E37-6797-4BE3-A7C6-113BBF83DDC2}.Release|ARM.Deploy.0 = Release|ARM
		{97F21E37-6797-4BE3-A7C6-113BBF83DDC2}.Release|iPhone.ActiveCfg = Release|x86
		{97F21E37-6797-4BE3-A7C6-113BBF83DDC2}.Release|iPhoneSimulator.ActiveCfg = Release|x86
		{97F21E37-6797-4BE3-A7C6-113BBF83DDC2}.Release|x64.ActiveCfg = Release|x64
		{97F21E37-6797-4BE3-A7C6-113BBF83DDC2}.Release|x64.Build.0 = Release|x64
		{97F21E37-6797-4BE3-A7C6-113BBF83DDC2}.Release|x64.Deploy.0 = Release|x64
		{97F21E37-6797-4BE3-A7C6-113BBF83DDC2}.Release|x86.ActiveCfg = Release|x86
		{97F21E37-6797-4BE3-A7C6-113BBF83DDC2}.Release|x86.Build.0 = Release|x86
		{97F21E37-6797-4BE3-A7C6-113BBF83DDC2}.Release|x86.Deploy.0 = Release|x86
		{CD473CB9-2C0F-41DB-B3C4-DD6FE850896C}.Ad-Hoc|Any CPU.ActiveCfg = Ad-Hoc|iPhone
		{CD473CB9-2C0F-41DB-B3C4-DD6FE850896C}.Ad-Hoc|ARM.ActiveCfg = Ad-Hoc|iPhone
		{CD473CB9-2C0F-41DB-B3C4-DD6FE850896C}.Ad-Hoc|iPhone.ActiveCfg = Ad-Hoc|iPhone
		{CD473CB9-2C0F-41DB-B3C4-DD6FE850896C}.Ad-Hoc|iPhone.Build.0 = Ad-Hoc|iPhone
		{CD473CB9-2C0F-41DB-B3C4-DD6FE850896C}.Ad-Hoc|iPhoneSimulator.ActiveCfg = Ad-Hoc|iPhoneSimulator
		{CD473CB9-2C0F-41DB-B3C4-DD6FE850896C}.Ad-Hoc|iPhoneSimulator.Build.0 = Ad-Hoc|iPhoneSimulator
		{CD473CB9-2C0F-41DB-B3C4-DD6FE850896C}.Ad-Hoc|x64.ActiveCfg = Ad-Hoc|iPhone
		{CD473CB9-2C0F-41DB-B3C4-DD6FE850896C}.Ad-Hoc|x86.ActiveCfg = Ad-Hoc|iPhone
		{CD473CB9-2C0F-41DB-B3C4-DD6FE850896C}.AppStore|Any CPU.ActiveCfg = AppStore|iPhone
		{CD473CB9-2C0F-41DB-B3C4-DD6FE850896C}.AppStore|ARM.ActiveCfg = AppStore|iPhone
		{CD473CB9-2C0F-41DB-B3C4-DD6FE850896C}.AppStore|iPhone.ActiveCfg = AppStore|iPhone
		{CD473CB9-2C0F-41DB-B3C4-DD6FE850896C}.AppStore|iPhone.Build.0 = AppStore|iPhone
		{CD473CB9-2C0F-41DB-B3C4-DD6FE850896C}.AppStore|iPhoneSimulator.ActiveCfg = AppStore|iPhoneSimulator
		{CD473CB9-2C0F-41DB-B3C4-DD6FE850896C}.AppStore|iPhoneSimulator.Build.0 = AppStore|iPhoneSimulator
		{CD473CB9-2C0F-41DB-B3C4-DD6FE850896C}.AppStore|x64.ActiveCfg = AppStore|iPhone
		{CD473CB9-2C0F-41DB-B3C4-DD6FE850896C}.AppStore|x86.ActiveCfg = AppStore|iPhone
		{CD473CB9-2C0F-41DB-B3C4-DD6FE850896C}.Debug|Any CPU.ActiveCfg = Debug|iPhoneSimulator
		{CD473CB9-2C0F-41DB-B3C4-DD6FE850896C}.Debug|ARM.ActiveCfg = Debug|iPhone
		{CD473CB9-2C0F-41DB-B3C4-DD6FE850896C}.Debug|iPhone.ActiveCfg = Debug|iPhone
		{CD473CB9-2C0F-41DB-B3C4-DD6FE850896C}.Debug|iPhone.Build.0 = Debug|iPhone
		{CD473CB9-2C0F-41DB-B3C4-DD6FE850896C}.Debug|iPhoneSimulator.ActiveCfg = Debug|iPhoneSimulator
		{CD473CB9-2C0F-41DB-B3C4-DD6FE850896C}.Debug|iPhoneSimulator.Build.0 = Debug|iPhoneSimulator
		{CD473CB9-2C0F-41DB-B3C4-DD6FE850896C}.Debug|x64.ActiveCfg = Debug|iPhone
		{CD473CB9-2C0F-41DB-B3C4-DD6FE850896C}.Debug|x86.ActiveCfg = Debug|iPhone
		{CD473CB9-2C0F-41DB-B3C4-DD6FE850896C}.Release|Any CPU.ActiveCfg = Release|iPhone
		{CD473CB9-2C0F-41DB-B3C4-DD6FE850896C}.Release|ARM.ActiveCfg = Release|iPhone
		{CD473CB9-2C0F-41DB-B3C4-DD6FE850896C}.Release|iPhone.ActiveCfg = Release|iPhone
		{CD473CB9-2C0F-41DB-B3C4-DD6FE850896C}.Release|iPhone.Build.0 = Release|iPhone
		{CD473CB9-2C0F-41DB-B3C4-DD6FE850896C}.Release|iPhoneSimulator.ActiveCfg = Release|iPhoneSimulator
		{CD473CB9-2C0F-41DB-B3C4-DD6FE850896C}.Release|iPhoneSimulator.Build.0 = Release|iPhoneSimulator
		{CD473CB9-2C0F-41DB-B3C4-DD6FE850896C}.Release|x64.ActiveCfg = Release|iPhone
		{CD473CB9-2C0F-41DB-B3C4-DD6FE850896C}.Release|x86.ActiveCfg = Release|iPhone
		{CD473CB9-2C0F-41DB-B3C4-DD6FE850896C}.AppStore|iPhone.Deploy.0 = AppStore|iPhone
		{9E0BEA86-2A3E-4458-B9B2-8E924E7F4717}.Ad-Hoc|Any CPU.ActiveCfg = Debug|Any CPU
		{9E0BEA86-2A3E-4458-B9B2-8E924E7F4717}.Ad-Hoc|Any CPU.Build.0 = Debug|Any CPU
		{9E0BEA86-2A3E-4458-B9B2-8E924E7F4717}.Ad-Hoc|ARM.ActiveCfg = Debug|Any CPU
		{9E0BEA86-2A3E-4458-B9B2-8E924E7F4717}.Ad-Hoc|ARM.Build.0 = Debug|Any CPU
		{9E0BEA86-2A3E-4458-B9B2-8E924E7F4717}.Ad-Hoc|iPhone.ActiveCfg = Debug|Any CPU
		{9E0BEA86-2A3E-4458-B9B2-8E924E7F4717}.Ad-Hoc|iPhone.Build.0 = Debug|Any CPU
		{9E0BEA86-2A3E-4458-B9B2-8E924E7F4717}.Ad-Hoc|iPhoneSimulator.ActiveCfg = Debug|Any CPU
		{9E0BEA86-2A3E-4458-B9B2-8E924E7F4717}.Ad-Hoc|iPhoneSimulator.Build.0 = Debug|Any CPU
		{9E0BEA86-2A3E-4458-B9B2-8E924E7F4717}.Ad-Hoc|x64.ActiveCfg = Debug|Any CPU
		{9E0BEA86-2A3E-4458-B9B2-8E924E7F4717}.Ad-Hoc|x64.Build.0 = Debug|Any CPU
		{9E0BEA86-2A3E-4458-B9B2-8E924E7F4717}.Ad-Hoc|x86.ActiveCfg = Debug|Any CPU
		{9E0BEA86-2A3E-4458-B9B2-8E924E7F4717}.Ad-Hoc|x86.Build.0 = Debug|Any CPU
		{9E0BEA86-2A3E-4458-B9B2-8E924E7F4717}.AppStore|Any CPU.ActiveCfg = Debug|Any CPU
		{9E0BEA86-2A3E-4458-B9B2-8E924E7F4717}.AppStore|Any CPU.Build.0 = Debug|Any CPU
		{9E0BEA86-2A3E-4458-B9B2-8E924E7F4717}.AppStore|ARM.ActiveCfg = Debug|Any CPU
		{9E0BEA86-2A3E-4458-B9B2-8E924E7F4717}.AppStore|ARM.Build.0 = Debug|Any CPU
		{9E0BEA86-2A3E-4458-B9B2-8E924E7F4717}.AppStore|iPhone.ActiveCfg = Debug|Any CPU
		{9E0BEA86-2A3E-4458-B9B2-8E924E7F4717}.AppStore|iPhoneSimulator.ActiveCfg = Debug|Any CPU
		{9E0BEA86-2A3E-4458-B9B2-8E924E7F4717}.AppStore|iPhoneSimulator.Build.0 = Debug|Any CPU
		{9E0BEA86-2A3E-4458-B9B2-8E924E7F4717}.AppStore|x64.ActiveCfg = Debug|Any CPU
		{9E0BEA86-2A3E-4458-B9B2-8E924E7F4717}.AppStore|x64.Build.0 = Debug|Any CPU
		{9E0BEA86-2A3E-4458-B9B2-8E924E7F4717}.AppStore|x86.ActiveCfg = Debug|Any CPU
		{9E0BEA86-2A3E-4458-B9B2-8E924E7F4717}.AppStore|x86.Build.0 = Debug|Any CPU
		{9E0BEA86-2A3E-4458-B9B2-8E924E7F4717}.Debug|Any CPU.ActiveCfg = Debug|Any CPU
		{9E0BEA86-2A3E-4458-B9B2-8E924E7F4717}.Debug|Any CPU.Build.0 = Debug|Any CPU
		{9E0BEA86-2A3E-4458-B9B2-8E924E7F4717}.Debug|ARM.ActiveCfg = Debug|Any CPU
		{9E0BEA86-2A3E-4458-B9B2-8E924E7F4717}.Debug|ARM.Build.0 = Debug|Any CPU
		{9E0BEA86-2A3E-4458-B9B2-8E924E7F4717}.Debug|iPhone.ActiveCfg = Debug|Any CPU
		{9E0BEA86-2A3E-4458-B9B2-8E924E7F4717}.Debug|iPhone.Build.0 = Debug|Any CPU
		{9E0BEA86-2A3E-4458-B9B2-8E924E7F4717}.Debug|iPhoneSimulator.ActiveCfg = Debug|Any CPU
		{9E0BEA86-2A3E-4458-B9B2-8E924E7F4717}.Debug|x64.ActiveCfg = Debug|Any CPU
		{9E0BEA86-2A3E-4458-B9B2-8E924E7F4717}.Debug|x86.ActiveCfg = Debug|Any CPU
		{9E0BEA86-2A3E-4458-B9B2-8E924E7F4717}.Debug|x86.Build.0 = Debug|Any CPU
		{9E0BEA86-2A3E-4458-B9B2-8E924E7F4717}.Release|Any CPU.ActiveCfg = Release|Any CPU
		{9E0BEA86-2A3E-4458-B9B2-8E924E7F4717}.Release|Any CPU.Build.0 = Release|Any CPU
		{9E0BEA86-2A3E-4458-B9B2-8E924E7F4717}.Release|ARM.ActiveCfg = Release|Any CPU
		{9E0BEA86-2A3E-4458-B9B2-8E924E7F4717}.Release|ARM.Build.0 = Release|Any CPU
		{9E0BEA86-2A3E-4458-B9B2-8E924E7F4717}.Release|iPhone.ActiveCfg = Release|Any CPU
		{9E0BEA86-2A3E-4458-B9B2-8E924E7F4717}.Release|iPhone.Build.0 = Release|Any CPU
		{9E0BEA86-2A3E-4458-B9B2-8E924E7F4717}.Release|iPhoneSimulator.ActiveCfg = Release|Any CPU
		{9E0BEA86-2A3E-4458-B9B2-8E924E7F4717}.Release|iPhoneSimulator.Build.0 = Release|Any CPU
		{9E0BEA86-2A3E-4458-B9B2-8E924E7F4717}.Release|x64.ActiveCfg = Release|Any CPU
		{9E0BEA86-2A3E-4458-B9B2-8E924E7F4717}.Release|x64.Build.0 = Release|Any CPU
		{9E0BEA86-2A3E-4458-B9B2-8E924E7F4717}.Release|x86.ActiveCfg = Release|Any CPU
		{9E0BEA86-2A3E-4458-B9B2-8E924E7F4717}.Release|x86.Build.0 = Release|Any CPU
		{9E0BEA86-2A3E-4458-B9B2-8E924E7F4717}.Debug|iPhoneSimulator.Build.0 = Debug|Any CPU
		{CF5D56A6-688C-45BF-BEC3-171D8197910A}.Ad-Hoc|Any CPU.ActiveCfg = Debug|Any CPU
		{CF5D56A6-688C-45BF-BEC3-171D8197910A}.Ad-Hoc|Any CPU.Build.0 = Debug|Any CPU
		{CF5D56A6-688C-45BF-BEC3-171D8197910A}.Ad-Hoc|ARM.ActiveCfg = Debug|Any CPU
		{CF5D56A6-688C-45BF-BEC3-171D8197910A}.Ad-Hoc|ARM.Build.0 = Debug|Any CPU
		{CF5D56A6-688C-45BF-BEC3-171D8197910A}.Ad-Hoc|iPhone.ActiveCfg = Debug|Any CPU
		{CF5D56A6-688C-45BF-BEC3-171D8197910A}.Ad-Hoc|iPhone.Build.0 = Debug|Any CPU
		{CF5D56A6-688C-45BF-BEC3-171D8197910A}.Ad-Hoc|iPhoneSimulator.ActiveCfg = Debug|Any CPU
		{CF5D56A6-688C-45BF-BEC3-171D8197910A}.Ad-Hoc|iPhoneSimulator.Build.0 = Debug|Any CPU
		{CF5D56A6-688C-45BF-BEC3-171D8197910A}.Ad-Hoc|x64.ActiveCfg = Debug|Any CPU
		{CF5D56A6-688C-45BF-BEC3-171D8197910A}.Ad-Hoc|x64.Build.0 = Debug|Any CPU
		{CF5D56A6-688C-45BF-BEC3-171D8197910A}.Ad-Hoc|x86.ActiveCfg = Debug|Any CPU
		{CF5D56A6-688C-45BF-BEC3-171D8197910A}.Ad-Hoc|x86.Build.0 = Debug|Any CPU
		{CF5D56A6-688C-45BF-BEC3-171D8197910A}.AppStore|Any CPU.ActiveCfg = Debug|Any CPU
		{CF5D56A6-688C-45BF-BEC3-171D8197910A}.AppStore|Any CPU.Build.0 = Debug|Any CPU
		{CF5D56A6-688C-45BF-BEC3-171D8197910A}.AppStore|ARM.ActiveCfg = Debug|Any CPU
		{CF5D56A6-688C-45BF-BEC3-171D8197910A}.AppStore|ARM.Build.0 = Debug|Any CPU
		{CF5D56A6-688C-45BF-BEC3-171D8197910A}.AppStore|iPhone.ActiveCfg = Debug|Any CPU
		{CF5D56A6-688C-45BF-BEC3-171D8197910A}.AppStore|iPhoneSimulator.ActiveCfg = Debug|Any CPU
		{CF5D56A6-688C-45BF-BEC3-171D8197910A}.AppStore|iPhoneSimulator.Build.0 = Debug|Any CPU
		{CF5D56A6-688C-45BF-BEC3-171D8197910A}.AppStore|x64.ActiveCfg = Debug|Any CPU
		{CF5D56A6-688C-45BF-BEC3-171D8197910A}.AppStore|x64.Build.0 = Debug|Any CPU
		{CF5D56A6-688C-45BF-BEC3-171D8197910A}.AppStore|x86.ActiveCfg = Debug|Any CPU
		{CF5D56A6-688C-45BF-BEC3-171D8197910A}.AppStore|x86.Build.0 = Debug|Any CPU
		{CF5D56A6-688C-45BF-BEC3-171D8197910A}.Debug|Any CPU.ActiveCfg = Debug|Any CPU
		{CF5D56A6-688C-45BF-BEC3-171D8197910A}.Debug|Any CPU.Build.0 = Debug|Any CPU
		{CF5D56A6-688C-45BF-BEC3-171D8197910A}.Debug|ARM.ActiveCfg = Debug|Any CPU
		{CF5D56A6-688C-45BF-BEC3-171D8197910A}.Debug|ARM.Build.0 = Debug|Any CPU
		{CF5D56A6-688C-45BF-BEC3-171D8197910A}.Debug|iPhone.ActiveCfg = Debug|Any CPU
		{CF5D56A6-688C-45BF-BEC3-171D8197910A}.Debug|iPhone.Build.0 = Debug|Any CPU
		{CF5D56A6-688C-45BF-BEC3-171D8197910A}.Debug|iPhoneSimulator.ActiveCfg = Debug|Any CPU
		{CF5D56A6-688C-45BF-BEC3-171D8197910A}.Debug|x64.ActiveCfg = Debug|Any CPU
		{CF5D56A6-688C-45BF-BEC3-171D8197910A}.Debug|x86.ActiveCfg = Debug|Any CPU
		{CF5D56A6-688C-45BF-BEC3-171D8197910A}.Debug|x86.Build.0 = Debug|Any CPU
		{CF5D56A6-688C-45BF-BEC3-171D8197910A}.Release|Any CPU.ActiveCfg = Release|Any CPU
		{CF5D56A6-688C-45BF-BEC3-171D8197910A}.Release|Any CPU.Build.0 = Release|Any CPU
		{CF5D56A6-688C-45BF-BEC3-171D8197910A}.Release|ARM.ActiveCfg = Release|Any CPU
		{CF5D56A6-688C-45BF-BEC3-171D8197910A}.Release|ARM.Build.0 = Release|Any CPU
		{CF5D56A6-688C-45BF-BEC3-171D8197910A}.Release|iPhone.ActiveCfg = Release|Any CPU
		{CF5D56A6-688C-45BF-BEC3-171D8197910A}.Release|iPhone.Build.0 = Release|Any CPU
		{CF5D56A6-688C-45BF-BEC3-171D8197910A}.Release|iPhoneSimulator.ActiveCfg = Release|Any CPU
		{CF5D56A6-688C-45BF-BEC3-171D8197910A}.Release|iPhoneSimulator.Build.0 = Release|Any CPU
		{CF5D56A6-688C-45BF-BEC3-171D8197910A}.Release|x64.ActiveCfg = Release|Any CPU
		{CF5D56A6-688C-45BF-BEC3-171D8197910A}.Release|x64.Build.0 = Release|Any CPU
		{CF5D56A6-688C-45BF-BEC3-171D8197910A}.Release|x86.ActiveCfg = Release|Any CPU
		{CF5D56A6-688C-45BF-BEC3-171D8197910A}.Release|x86.Build.0 = Release|Any CPU
		{CF5D56A6-688C-45BF-BEC3-171D8197910A}.Debug|iPhoneSimulator.Build.0 = Debug|Any CPU
		{46B34E8C-D309-4012-9A35-DDAF339D4E6A}.Ad-Hoc|Any CPU.ActiveCfg = Debug|iPhoneSimulator
		{46B34E8C-D309-4012-9A35-DDAF339D4E6A}.Ad-Hoc|Any CPU.Build.0 = Debug|iPhoneSimulator
		{46B34E8C-D309-4012-9A35-DDAF339D4E6A}.Ad-Hoc|ARM.ActiveCfg = Debug|iPhoneSimulator
		{46B34E8C-D309-4012-9A35-DDAF339D4E6A}.Ad-Hoc|ARM.Build.0 = Debug|iPhoneSimulator
		{46B34E8C-D309-4012-9A35-DDAF339D4E6A}.Ad-Hoc|iPhone.ActiveCfg = Debug|iPhoneSimulator
		{46B34E8C-D309-4012-9A35-DDAF339D4E6A}.Ad-Hoc|iPhone.Build.0 = Debug|iPhoneSimulator
		{46B34E8C-D309-4012-9A35-DDAF339D4E6A}.Ad-Hoc|iPhoneSimulator.ActiveCfg = Debug|iPhoneSimulator
		{46B34E8C-D309-4012-9A35-DDAF339D4E6A}.Ad-Hoc|iPhoneSimulator.Build.0 = Debug|iPhoneSimulator
		{46B34E8C-D309-4012-9A35-DDAF339D4E6A}.Ad-Hoc|x64.ActiveCfg = Debug|iPhoneSimulator
		{46B34E8C-D309-4012-9A35-DDAF339D4E6A}.Ad-Hoc|x64.Build.0 = Debug|iPhoneSimulator
		{46B34E8C-D309-4012-9A35-DDAF339D4E6A}.Ad-Hoc|x86.ActiveCfg = Debug|iPhoneSimulator
		{46B34E8C-D309-4012-9A35-DDAF339D4E6A}.Ad-Hoc|x86.Build.0 = Debug|iPhoneSimulator
		{46B34E8C-D309-4012-9A35-DDAF339D4E6A}.AppStore|Any CPU.ActiveCfg = Debug|iPhoneSimulator
		{46B34E8C-D309-4012-9A35-DDAF339D4E6A}.AppStore|Any CPU.Build.0 = Debug|iPhoneSimulator
		{46B34E8C-D309-4012-9A35-DDAF339D4E6A}.AppStore|ARM.ActiveCfg = Debug|iPhoneSimulator
		{46B34E8C-D309-4012-9A35-DDAF339D4E6A}.AppStore|ARM.Build.0 = Debug|iPhoneSimulator
		{46B34E8C-D309-4012-9A35-DDAF339D4E6A}.AppStore|iPhone.ActiveCfg = Debug|iPhoneSimulator
		{46B34E8C-D309-4012-9A35-DDAF339D4E6A}.AppStore|iPhoneSimulator.ActiveCfg = Debug|iPhoneSimulator
		{46B34E8C-D309-4012-9A35-DDAF339D4E6A}.AppStore|iPhoneSimulator.Build.0 = Debug|iPhoneSimulator
		{46B34E8C-D309-4012-9A35-DDAF339D4E6A}.AppStore|x64.ActiveCfg = Debug|iPhoneSimulator
		{46B34E8C-D309-4012-9A35-DDAF339D4E6A}.AppStore|x64.Build.0 = Debug|iPhoneSimulator
		{46B34E8C-D309-4012-9A35-DDAF339D4E6A}.AppStore|x86.ActiveCfg = Debug|iPhoneSimulator
		{46B34E8C-D309-4012-9A35-DDAF339D4E6A}.AppStore|x86.Build.0 = Debug|iPhoneSimulator
		{46B34E8C-D309-4012-9A35-DDAF339D4E6A}.Debug|Any CPU.ActiveCfg = Debug|iPhoneSimulator
		{46B34E8C-D309-4012-9A35-DDAF339D4E6A}.Debug|Any CPU.Build.0 = Debug|iPhoneSimulator
		{46B34E8C-D309-4012-9A35-DDAF339D4E6A}.Debug|ARM.ActiveCfg = Debug|iPhoneSimulator
		{46B34E8C-D309-4012-9A35-DDAF339D4E6A}.Debug|ARM.Build.0 = Debug|iPhoneSimulator
		{46B34E8C-D309-4012-9A35-DDAF339D4E6A}.Debug|iPhone.ActiveCfg = Debug|iPhoneSimulator
		{46B34E8C-D309-4012-9A35-DDAF339D4E6A}.Debug|iPhone.Build.0 = Debug|iPhoneSimulator
		{46B34E8C-D309-4012-9A35-DDAF339D4E6A}.Debug|iPhoneSimulator.ActiveCfg = Debug|iPhoneSimulator
		{46B34E8C-D309-4012-9A35-DDAF339D4E6A}.Debug|x64.ActiveCfg = Debug|iPhoneSimulator
		{46B34E8C-D309-4012-9A35-DDAF339D4E6A}.Debug|x86.ActiveCfg = Debug|iPhoneSimulator
		{46B34E8C-D309-4012-9A35-DDAF339D4E6A}.Debug|x86.Build.0 = Debug|iPhoneSimulator
		{46B34E8C-D309-4012-9A35-DDAF339D4E6A}.Release|Any CPU.ActiveCfg = Release|iPhoneSimulator
		{46B34E8C-D309-4012-9A35-DDAF339D4E6A}.Release|Any CPU.Build.0 = Release|iPhoneSimulator
		{46B34E8C-D309-4012-9A35-DDAF339D4E6A}.Release|ARM.ActiveCfg = Release|iPhoneSimulator
		{46B34E8C-D309-4012-9A35-DDAF339D4E6A}.Release|ARM.Build.0 = Release|iPhoneSimulator
		{46B34E8C-D309-4012-9A35-DDAF339D4E6A}.Release|iPhone.ActiveCfg = Release|iPhoneSimulator
		{46B34E8C-D309-4012-9A35-DDAF339D4E6A}.Release|iPhone.Build.0 = Release|iPhoneSimulator
		{46B34E8C-D309-4012-9A35-DDAF339D4E6A}.Release|iPhoneSimulator.ActiveCfg = Release|iPhoneSimulator
		{46B34E8C-D309-4012-9A35-DDAF339D4E6A}.Release|iPhoneSimulator.Build.0 = Release|iPhoneSimulator
		{46B34E8C-D309-4012-9A35-DDAF339D4E6A}.Release|x64.ActiveCfg = Release|iPhoneSimulator
		{46B34E8C-D309-4012-9A35-DDAF339D4E6A}.Release|x64.Build.0 = Release|iPhoneSimulator
		{46B34E8C-D309-4012-9A35-DDAF339D4E6A}.Release|x86.ActiveCfg = Release|iPhoneSimulator
		{46B34E8C-D309-4012-9A35-DDAF339D4E6A}.Release|x86.Build.0 = Release|iPhoneSimulator
		{FF997DC9-7658-474C-8CCB-53441B313E76}.Ad-Hoc|Any CPU.ActiveCfg = Release|Any CPU
		{FF997DC9-7658-474C-8CCB-53441B313E76}.Ad-Hoc|Any CPU.Build.0 = Release|Any CPU
		{FF997DC9-7658-474C-8CCB-53441B313E76}.Ad-Hoc|ARM.ActiveCfg = Release|Any CPU
		{FF997DC9-7658-474C-8CCB-53441B313E76}.Ad-Hoc|ARM.Build.0 = Release|Any CPU
		{FF997DC9-7658-474C-8CCB-53441B313E76}.Ad-Hoc|iPhone.ActiveCfg = Release|Any CPU
		{FF997DC9-7658-474C-8CCB-53441B313E76}.Ad-Hoc|iPhone.Build.0 = Release|Any CPU
		{FF997DC9-7658-474C-8CCB-53441B313E76}.Ad-Hoc|iPhoneSimulator.ActiveCfg = Release|Any CPU
		{FF997DC9-7658-474C-8CCB-53441B313E76}.Ad-Hoc|iPhoneSimulator.Build.0 = Release|Any CPU
		{FF997DC9-7658-474C-8CCB-53441B313E76}.Ad-Hoc|x64.ActiveCfg = Release|Any CPU
		{FF997DC9-7658-474C-8CCB-53441B313E76}.Ad-Hoc|x64.Build.0 = Release|Any CPU
		{FF997DC9-7658-474C-8CCB-53441B313E76}.Ad-Hoc|x86.ActiveCfg = Release|Any CPU
		{FF997DC9-7658-474C-8CCB-53441B313E76}.Ad-Hoc|x86.Build.0 = Release|Any CPU
		{FF997DC9-7658-474C-8CCB-53441B313E76}.AppStore|Any CPU.ActiveCfg = Release|Any CPU
		{FF997DC9-7658-474C-8CCB-53441B313E76}.AppStore|Any CPU.Build.0 = Release|Any CPU
		{FF997DC9-7658-474C-8CCB-53441B313E76}.AppStore|ARM.ActiveCfg = Release|Any CPU
		{FF997DC9-7658-474C-8CCB-53441B313E76}.AppStore|ARM.Build.0 = Release|Any CPU
		{FF997DC9-7658-474C-8CCB-53441B313E76}.AppStore|iPhone.ActiveCfg = Release|Any CPU
		{FF997DC9-7658-474C-8CCB-53441B313E76}.AppStore|iPhoneSimulator.ActiveCfg = Release|Any CPU
		{FF997DC9-7658-474C-8CCB-53441B313E76}.AppStore|iPhoneSimulator.Build.0 = Release|Any CPU
		{FF997DC9-7658-474C-8CCB-53441B313E76}.AppStore|x64.ActiveCfg = Release|Any CPU
		{FF997DC9-7658-474C-8CCB-53441B313E76}.AppStore|x64.Build.0 = Release|Any CPU
		{FF997DC9-7658-474C-8CCB-53441B313E76}.AppStore|x86.ActiveCfg = Release|Any CPU
		{FF997DC9-7658-474C-8CCB-53441B313E76}.AppStore|x86.Build.0 = Release|Any CPU
		{FF997DC9-7658-474C-8CCB-53441B313E76}.Debug|Any CPU.ActiveCfg = Debug|Any CPU
		{FF997DC9-7658-474C-8CCB-53441B313E76}.Debug|Any CPU.Build.0 = Debug|Any CPU
		{FF997DC9-7658-474C-8CCB-53441B313E76}.Debug|ARM.ActiveCfg = Debug|Any CPU
		{FF997DC9-7658-474C-8CCB-53441B313E76}.Debug|ARM.Build.0 = Debug|Any CPU
		{FF997DC9-7658-474C-8CCB-53441B313E76}.Debug|iPhone.ActiveCfg = Debug|Any CPU
		{FF997DC9-7658-474C-8CCB-53441B313E76}.Debug|iPhone.Build.0 = Debug|Any CPU
		{FF997DC9-7658-474C-8CCB-53441B313E76}.Debug|iPhoneSimulator.ActiveCfg = Debug|Any CPU
		{FF997DC9-7658-474C-8CCB-53441B313E76}.Debug|x64.ActiveCfg = Debug|Any CPU
		{FF997DC9-7658-474C-8CCB-53441B313E76}.Debug|x86.ActiveCfg = Debug|Any CPU
		{FF997DC9-7658-474C-8CCB-53441B313E76}.Debug|x86.Build.0 = Debug|Any CPU
		{FF997DC9-7658-474C-8CCB-53441B313E76}.Release|Any CPU.ActiveCfg = Release|Any CPU
		{FF997DC9-7658-474C-8CCB-53441B313E76}.Release|Any CPU.Build.0 = Release|Any CPU
		{FF997DC9-7658-474C-8CCB-53441B313E76}.Release|ARM.ActiveCfg = Release|Any CPU
		{FF997DC9-7658-474C-8CCB-53441B313E76}.Release|ARM.Build.0 = Release|Any CPU
		{FF997DC9-7658-474C-8CCB-53441B313E76}.Release|iPhone.ActiveCfg = Release|Any CPU
		{FF997DC9-7658-474C-8CCB-53441B313E76}.Release|iPhone.Build.0 = Release|Any CPU
		{FF997DC9-7658-474C-8CCB-53441B313E76}.Release|iPhoneSimulator.ActiveCfg = Release|Any CPU
		{FF997DC9-7658-474C-8CCB-53441B313E76}.Release|iPhoneSimulator.Build.0 = Release|Any CPU
		{FF997DC9-7658-474C-8CCB-53441B313E76}.Release|x64.ActiveCfg = Release|Any CPU
		{FF997DC9-7658-474C-8CCB-53441B313E76}.Release|x64.Build.0 = Release|Any CPU
		{FF997DC9-7658-474C-8CCB-53441B313E76}.Release|x86.ActiveCfg = Release|Any CPU
		{FF997DC9-7658-474C-8CCB-53441B313E76}.Release|x86.Build.0 = Release|Any CPU
		{38BA90FD-E3ED-41EE-9C9C-30637DB86FBE}.Ad-Hoc|Any CPU.ActiveCfg = Release|Any CPU
		{38BA90FD-E3ED-41EE-9C9C-30637DB86FBE}.Ad-Hoc|Any CPU.Build.0 = Release|Any CPU
		{38BA90FD-E3ED-41EE-9C9C-30637DB86FBE}.Ad-Hoc|ARM.ActiveCfg = Release|Any CPU
		{38BA90FD-E3ED-41EE-9C9C-30637DB86FBE}.Ad-Hoc|ARM.Build.0 = Release|Any CPU
		{38BA90FD-E3ED-41EE-9C9C-30637DB86FBE}.Ad-Hoc|iPhone.ActiveCfg = Release|Any CPU
		{38BA90FD-E3ED-41EE-9C9C-30637DB86FBE}.Ad-Hoc|iPhone.Build.0 = Release|Any CPU
		{38BA90FD-E3ED-41EE-9C9C-30637DB86FBE}.Ad-Hoc|iPhoneSimulator.ActiveCfg = Release|Any CPU
		{38BA90FD-E3ED-41EE-9C9C-30637DB86FBE}.Ad-Hoc|iPhoneSimulator.Build.0 = Release|Any CPU
		{38BA90FD-E3ED-41EE-9C9C-30637DB86FBE}.Ad-Hoc|x64.ActiveCfg = Release|Any CPU
		{38BA90FD-E3ED-41EE-9C9C-30637DB86FBE}.Ad-Hoc|x64.Build.0 = Release|Any CPU
		{38BA90FD-E3ED-41EE-9C9C-30637DB86FBE}.Ad-Hoc|x86.ActiveCfg = Release|Any CPU
		{38BA90FD-E3ED-41EE-9C9C-30637DB86FBE}.Ad-Hoc|x86.Build.0 = Release|Any CPU
		{38BA90FD-E3ED-41EE-9C9C-30637DB86FBE}.AppStore|Any CPU.ActiveCfg = Release|Any CPU
		{38BA90FD-E3ED-41EE-9C9C-30637DB86FBE}.AppStore|Any CPU.Build.0 = Release|Any CPU
		{38BA90FD-E3ED-41EE-9C9C-30637DB86FBE}.AppStore|ARM.ActiveCfg = Release|Any CPU
		{38BA90FD-E3ED-41EE-9C9C-30637DB86FBE}.AppStore|ARM.Build.0 = Release|Any CPU
		{38BA90FD-E3ED-41EE-9C9C-30637DB86FBE}.AppStore|iPhone.ActiveCfg = Release|Any CPU
		{38BA90FD-E3ED-41EE-9C9C-30637DB86FBE}.AppStore|iPhoneSimulator.ActiveCfg = Release|Any CPU
		{38BA90FD-E3ED-41EE-9C9C-30637DB86FBE}.AppStore|iPhoneSimulator.Build.0 = Release|Any CPU
		{38BA90FD-E3ED-41EE-9C9C-30637DB86FBE}.AppStore|x64.ActiveCfg = Release|Any CPU
		{38BA90FD-E3ED-41EE-9C9C-30637DB86FBE}.AppStore|x64.Build.0 = Release|Any CPU
		{38BA90FD-E3ED-41EE-9C9C-30637DB86FBE}.AppStore|x86.ActiveCfg = Release|Any CPU
		{38BA90FD-E3ED-41EE-9C9C-30637DB86FBE}.AppStore|x86.Build.0 = Release|Any CPU
		{38BA90FD-E3ED-41EE-9C9C-30637DB86FBE}.Debug|Any CPU.ActiveCfg = Debug|Any CPU
		{38BA90FD-E3ED-41EE-9C9C-30637DB86FBE}.Debug|Any CPU.Build.0 = Debug|Any CPU
		{38BA90FD-E3ED-41EE-9C9C-30637DB86FBE}.Debug|ARM.ActiveCfg = Debug|Any CPU
		{38BA90FD-E3ED-41EE-9C9C-30637DB86FBE}.Debug|ARM.Build.0 = Debug|Any CPU
		{38BA90FD-E3ED-41EE-9C9C-30637DB86FBE}.Debug|iPhone.ActiveCfg = Debug|Any CPU
		{38BA90FD-E3ED-41EE-9C9C-30637DB86FBE}.Debug|iPhone.Build.0 = Debug|Any CPU
		{38BA90FD-E3ED-41EE-9C9C-30637DB86FBE}.Debug|iPhoneSimulator.ActiveCfg = Debug|Any CPU
		{38BA90FD-E3ED-41EE-9C9C-30637DB86FBE}.Debug|x64.ActiveCfg = Debug|Any CPU
		{38BA90FD-E3ED-41EE-9C9C-30637DB86FBE}.Debug|x86.ActiveCfg = Debug|Any CPU
		{38BA90FD-E3ED-41EE-9C9C-30637DB86FBE}.Debug|x86.Build.0 = Debug|Any CPU
		{38BA90FD-E3ED-41EE-9C9C-30637DB86FBE}.Release|Any CPU.ActiveCfg = Release|Any CPU
		{38BA90FD-E3ED-41EE-9C9C-30637DB86FBE}.Release|Any CPU.Build.0 = Release|Any CPU
		{38BA90FD-E3ED-41EE-9C9C-30637DB86FBE}.Release|ARM.ActiveCfg = Release|Any CPU
		{38BA90FD-E3ED-41EE-9C9C-30637DB86FBE}.Release|ARM.Build.0 = Release|Any CPU
		{38BA90FD-E3ED-41EE-9C9C-30637DB86FBE}.Release|iPhone.ActiveCfg = Release|Any CPU
		{38BA90FD-E3ED-41EE-9C9C-30637DB86FBE}.Release|iPhone.Build.0 = Release|Any CPU
		{38BA90FD-E3ED-41EE-9C9C-30637DB86FBE}.Release|iPhoneSimulator.ActiveCfg = Release|Any CPU
		{38BA90FD-E3ED-41EE-9C9C-30637DB86FBE}.Release|iPhoneSimulator.Build.0 = Release|Any CPU
		{38BA90FD-E3ED-41EE-9C9C-30637DB86FBE}.Release|x64.ActiveCfg = Release|Any CPU
		{38BA90FD-E3ED-41EE-9C9C-30637DB86FBE}.Release|x64.Build.0 = Release|Any CPU
		{38BA90FD-E3ED-41EE-9C9C-30637DB86FBE}.Release|x86.ActiveCfg = Release|Any CPU
		{38BA90FD-E3ED-41EE-9C9C-30637DB86FBE}.Release|x86.Build.0 = Release|Any CPU
		{C1E6E7D2-DCBF-4ED6-AE8F-1AA55ACC0AEB}.Ad-Hoc|Any CPU.ActiveCfg = Debug|Any CPU
		{C1E6E7D2-DCBF-4ED6-AE8F-1AA55ACC0AEB}.Ad-Hoc|Any CPU.Build.0 = Debug|Any CPU
		{C1E6E7D2-DCBF-4ED6-AE8F-1AA55ACC0AEB}.Ad-Hoc|ARM.ActiveCfg = Debug|Any CPU
		{C1E6E7D2-DCBF-4ED6-AE8F-1AA55ACC0AEB}.Ad-Hoc|ARM.Build.0 = Debug|Any CPU
		{C1E6E7D2-DCBF-4ED6-AE8F-1AA55ACC0AEB}.Ad-Hoc|iPhone.ActiveCfg = Debug|Any CPU
		{C1E6E7D2-DCBF-4ED6-AE8F-1AA55ACC0AEB}.Ad-Hoc|iPhone.Build.0 = Debug|Any CPU
		{C1E6E7D2-DCBF-4ED6-AE8F-1AA55ACC0AEB}.Ad-Hoc|iPhoneSimulator.ActiveCfg = Debug|Any CPU
		{C1E6E7D2-DCBF-4ED6-AE8F-1AA55ACC0AEB}.Ad-Hoc|iPhoneSimulator.Build.0 = Debug|Any CPU
		{C1E6E7D2-DCBF-4ED6-AE8F-1AA55ACC0AEB}.Ad-Hoc|x64.ActiveCfg = Debug|Any CPU
		{C1E6E7D2-DCBF-4ED6-AE8F-1AA55ACC0AEB}.Ad-Hoc|x64.Build.0 = Debug|Any CPU
		{C1E6E7D2-DCBF-4ED6-AE8F-1AA55ACC0AEB}.Ad-Hoc|x86.ActiveCfg = Debug|Any CPU
		{C1E6E7D2-DCBF-4ED6-AE8F-1AA55ACC0AEB}.Ad-Hoc|x86.Build.0 = Debug|Any CPU
		{C1E6E7D2-DCBF-4ED6-AE8F-1AA55ACC0AEB}.AppStore|Any CPU.ActiveCfg = Debug|Any CPU
		{C1E6E7D2-DCBF-4ED6-AE8F-1AA55ACC0AEB}.AppStore|Any CPU.Build.0 = Debug|Any CPU
		{C1E6E7D2-DCBF-4ED6-AE8F-1AA55ACC0AEB}.AppStore|ARM.ActiveCfg = Debug|Any CPU
		{C1E6E7D2-DCBF-4ED6-AE8F-1AA55ACC0AEB}.AppStore|ARM.Build.0 = Debug|Any CPU
		{C1E6E7D2-DCBF-4ED6-AE8F-1AA55ACC0AEB}.AppStore|iPhone.ActiveCfg = Debug|Any CPU
		{C1E6E7D2-DCBF-4ED6-AE8F-1AA55ACC0AEB}.AppStore|iPhoneSimulator.ActiveCfg = Debug|Any CPU
		{C1E6E7D2-DCBF-4ED6-AE8F-1AA55ACC0AEB}.AppStore|iPhoneSimulator.Build.0 = Debug|Any CPU
		{C1E6E7D2-DCBF-4ED6-AE8F-1AA55ACC0AEB}.AppStore|x64.ActiveCfg = Debug|Any CPU
		{C1E6E7D2-DCBF-4ED6-AE8F-1AA55ACC0AEB}.AppStore|x64.Build.0 = Debug|Any CPU
		{C1E6E7D2-DCBF-4ED6-AE8F-1AA55ACC0AEB}.AppStore|x86.ActiveCfg = Debug|Any CPU
		{C1E6E7D2-DCBF-4ED6-AE8F-1AA55ACC0AEB}.AppStore|x86.Build.0 = Debug|Any CPU
		{C1E6E7D2-DCBF-4ED6-AE8F-1AA55ACC0AEB}.Debug|Any CPU.ActiveCfg = Debug|Any CPU
		{C1E6E7D2-DCBF-4ED6-AE8F-1AA55ACC0AEB}.Debug|Any CPU.Build.0 = Debug|Any CPU
		{C1E6E7D2-DCBF-4ED6-AE8F-1AA55ACC0AEB}.Debug|ARM.ActiveCfg = Debug|Any CPU
		{C1E6E7D2-DCBF-4ED6-AE8F-1AA55ACC0AEB}.Debug|ARM.Build.0 = Debug|Any CPU
		{C1E6E7D2-DCBF-4ED6-AE8F-1AA55ACC0AEB}.Debug|iPhone.ActiveCfg = Debug|Any CPU
		{C1E6E7D2-DCBF-4ED6-AE8F-1AA55ACC0AEB}.Debug|iPhone.Build.0 = Debug|Any CPU
		{C1E6E7D2-DCBF-4ED6-AE8F-1AA55ACC0AEB}.Debug|iPhoneSimulator.ActiveCfg = Debug|Any CPU
		{C1E6E7D2-DCBF-4ED6-AE8F-1AA55ACC0AEB}.Debug|x64.ActiveCfg = Debug|Any CPU
		{C1E6E7D2-DCBF-4ED6-AE8F-1AA55ACC0AEB}.Debug|x86.ActiveCfg = Debug|Any CPU
		{C1E6E7D2-DCBF-4ED6-AE8F-1AA55ACC0AEB}.Debug|x86.Build.0 = Debug|Any CPU
		{C1E6E7D2-DCBF-4ED6-AE8F-1AA55ACC0AEB}.Release|Any CPU.ActiveCfg = Release|Any CPU
		{C1E6E7D2-DCBF-4ED6-AE8F-1AA55ACC0AEB}.Release|Any CPU.Build.0 = Release|Any CPU
		{C1E6E7D2-DCBF-4ED6-AE8F-1AA55ACC0AEB}.Release|ARM.ActiveCfg = Release|Any CPU
		{C1E6E7D2-DCBF-4ED6-AE8F-1AA55ACC0AEB}.Release|ARM.Build.0 = Release|Any CPU
		{C1E6E7D2-DCBF-4ED6-AE8F-1AA55ACC0AEB}.Release|iPhone.ActiveCfg = Release|Any CPU
		{C1E6E7D2-DCBF-4ED6-AE8F-1AA55ACC0AEB}.Release|iPhone.Build.0 = Release|Any CPU
		{C1E6E7D2-DCBF-4ED6-AE8F-1AA55ACC0AEB}.Release|iPhoneSimulator.ActiveCfg = Release|Any CPU
		{C1E6E7D2-DCBF-4ED6-AE8F-1AA55ACC0AEB}.Release|iPhoneSimulator.Build.0 = Release|Any CPU
		{C1E6E7D2-DCBF-4ED6-AE8F-1AA55ACC0AEB}.Release|x64.ActiveCfg = Release|Any CPU
		{C1E6E7D2-DCBF-4ED6-AE8F-1AA55ACC0AEB}.Release|x64.Build.0 = Release|Any CPU
		{C1E6E7D2-DCBF-4ED6-AE8F-1AA55ACC0AEB}.Release|x86.ActiveCfg = Release|Any CPU
		{C1E6E7D2-DCBF-4ED6-AE8F-1AA55ACC0AEB}.Release|x86.Build.0 = Release|Any CPU
		{C1E6E7D2-DCBF-4ED6-AE8F-1AA55ACC0AEB}.Debug|iPhoneSimulator.Build.0 = Debug|Any CPU
		{D3C70072-9876-43AA-A8E1-7F6620322694}.Ad-Hoc|Any CPU.ActiveCfg = Debug|Any CPU
		{D3C70072-9876-43AA-A8E1-7F6620322694}.Ad-Hoc|Any CPU.Build.0 = Debug|Any CPU
		{D3C70072-9876-43AA-A8E1-7F6620322694}.Ad-Hoc|ARM.ActiveCfg = Debug|Any CPU
		{D3C70072-9876-43AA-A8E1-7F6620322694}.Ad-Hoc|ARM.Build.0 = Debug|Any CPU
		{D3C70072-9876-43AA-A8E1-7F6620322694}.Ad-Hoc|iPhone.ActiveCfg = Debug|Any CPU
		{D3C70072-9876-43AA-A8E1-7F6620322694}.Ad-Hoc|iPhone.Build.0 = Debug|Any CPU
		{D3C70072-9876-43AA-A8E1-7F6620322694}.Ad-Hoc|iPhoneSimulator.ActiveCfg = Debug|Any CPU
		{D3C70072-9876-43AA-A8E1-7F6620322694}.Ad-Hoc|iPhoneSimulator.Build.0 = Debug|Any CPU
		{D3C70072-9876-43AA-A8E1-7F6620322694}.Ad-Hoc|x64.ActiveCfg = Debug|Any CPU
		{D3C70072-9876-43AA-A8E1-7F6620322694}.Ad-Hoc|x64.Build.0 = Debug|Any CPU
		{D3C70072-9876-43AA-A8E1-7F6620322694}.Ad-Hoc|x86.ActiveCfg = Debug|Any CPU
		{D3C70072-9876-43AA-A8E1-7F6620322694}.Ad-Hoc|x86.Build.0 = Debug|Any CPU
		{D3C70072-9876-43AA-A8E1-7F6620322694}.AppStore|Any CPU.ActiveCfg = Debug|Any CPU
		{D3C70072-9876-43AA-A8E1-7F6620322694}.AppStore|Any CPU.Build.0 = Debug|Any CPU
		{D3C70072-9876-43AA-A8E1-7F6620322694}.AppStore|ARM.ActiveCfg = Debug|Any CPU
		{D3C70072-9876-43AA-A8E1-7F6620322694}.AppStore|ARM.Build.0 = Debug|Any CPU
		{D3C70072-9876-43AA-A8E1-7F6620322694}.AppStore|iPhone.ActiveCfg = Debug|Any CPU
		{D3C70072-9876-43AA-A8E1-7F6620322694}.AppStore|iPhoneSimulator.ActiveCfg = Debug|Any CPU
		{D3C70072-9876-43AA-A8E1-7F6620322694}.AppStore|iPhoneSimulator.Build.0 = Debug|Any CPU
		{D3C70072-9876-43AA-A8E1-7F6620322694}.AppStore|x64.ActiveCfg = Debug|Any CPU
		{D3C70072-9876-43AA-A8E1-7F6620322694}.AppStore|x64.Build.0 = Debug|Any CPU
		{D3C70072-9876-43AA-A8E1-7F6620322694}.AppStore|x86.ActiveCfg = Debug|Any CPU
		{D3C70072-9876-43AA-A8E1-7F6620322694}.AppStore|x86.Build.0 = Debug|Any CPU
		{D3C70072-9876-43AA-A8E1-7F6620322694}.Debug|Any CPU.ActiveCfg = Debug|Any CPU
		{D3C70072-9876-43AA-A8E1-7F6620322694}.Debug|Any CPU.Build.0 = Debug|Any CPU
		{D3C70072-9876-43AA-A8E1-7F6620322694}.Debug|ARM.ActiveCfg = Debug|Any CPU
		{D3C70072-9876-43AA-A8E1-7F6620322694}.Debug|ARM.Build.0 = Debug|Any CPU
		{D3C70072-9876-43AA-A8E1-7F6620322694}.Debug|iPhone.ActiveCfg = Debug|Any CPU
		{D3C70072-9876-43AA-A8E1-7F6620322694}.Debug|iPhone.Build.0 = Debug|Any CPU
		{D3C70072-9876-43AA-A8E1-7F6620322694}.Debug|iPhoneSimulator.ActiveCfg = Debug|Any CPU
		{D3C70072-9876-43AA-A8E1-7F6620322694}.Debug|x64.ActiveCfg = Debug|Any CPU
		{D3C70072-9876-43AA-A8E1-7F6620322694}.Debug|x86.ActiveCfg = Debug|Any CPU
		{D3C70072-9876-43AA-A8E1-7F6620322694}.Debug|x86.Build.0 = Debug|Any CPU
		{D3C70072-9876-43AA-A8E1-7F6620322694}.Release|Any CPU.ActiveCfg = Release|Any CPU
		{D3C70072-9876-43AA-A8E1-7F6620322694}.Release|Any CPU.Build.0 = Release|Any CPU
		{D3C70072-9876-43AA-A8E1-7F6620322694}.Release|ARM.ActiveCfg = Release|Any CPU
		{D3C70072-9876-43AA-A8E1-7F6620322694}.Release|ARM.Build.0 = Release|Any CPU
		{D3C70072-9876-43AA-A8E1-7F6620322694}.Release|iPhone.ActiveCfg = Release|Any CPU
		{D3C70072-9876-43AA-A8E1-7F6620322694}.Release|iPhone.Build.0 = Release|Any CPU
		{D3C70072-9876-43AA-A8E1-7F6620322694}.Release|iPhoneSimulator.ActiveCfg = Release|Any CPU
		{D3C70072-9876-43AA-A8E1-7F6620322694}.Release|iPhoneSimulator.Build.0 = Release|Any CPU
		{D3C70072-9876-43AA-A8E1-7F6620322694}.Release|x64.ActiveCfg = Release|Any CPU
		{D3C70072-9876-43AA-A8E1-7F6620322694}.Release|x64.Build.0 = Release|Any CPU
		{D3C70072-9876-43AA-A8E1-7F6620322694}.Release|x86.ActiveCfg = Release|Any CPU
		{D3C70072-9876-43AA-A8E1-7F6620322694}.Release|x86.Build.0 = Release|Any CPU
		{93DAEE62-DFF0-489D-836A-8533E87C553F}.Ad-Hoc|Any CPU.ActiveCfg = Debug|Any CPU
		{93DAEE62-DFF0-489D-836A-8533E87C553F}.Ad-Hoc|Any CPU.Build.0 = Debug|Any CPU
		{93DAEE62-DFF0-489D-836A-8533E87C553F}.Ad-Hoc|ARM.ActiveCfg = Debug|Any CPU
		{93DAEE62-DFF0-489D-836A-8533E87C553F}.Ad-Hoc|ARM.Build.0 = Debug|Any CPU
		{93DAEE62-DFF0-489D-836A-8533E87C553F}.Ad-Hoc|iPhone.ActiveCfg = Debug|Any CPU
		{93DAEE62-DFF0-489D-836A-8533E87C553F}.Ad-Hoc|iPhone.Build.0 = Debug|Any CPU
		{93DAEE62-DFF0-489D-836A-8533E87C553F}.Ad-Hoc|iPhoneSimulator.ActiveCfg = Debug|Any CPU
		{93DAEE62-DFF0-489D-836A-8533E87C553F}.Ad-Hoc|iPhoneSimulator.Build.0 = Debug|Any CPU
		{93DAEE62-DFF0-489D-836A-8533E87C553F}.Ad-Hoc|x64.ActiveCfg = Debug|Any CPU
		{93DAEE62-DFF0-489D-836A-8533E87C553F}.Ad-Hoc|x64.Build.0 = Debug|Any CPU
		{93DAEE62-DFF0-489D-836A-8533E87C553F}.Ad-Hoc|x86.ActiveCfg = Debug|Any CPU
		{93DAEE62-DFF0-489D-836A-8533E87C553F}.Ad-Hoc|x86.Build.0 = Debug|Any CPU
		{93DAEE62-DFF0-489D-836A-8533E87C553F}.AppStore|Any CPU.ActiveCfg = Debug|Any CPU
		{93DAEE62-DFF0-489D-836A-8533E87C553F}.AppStore|Any CPU.Build.0 = Debug|Any CPU
		{93DAEE62-DFF0-489D-836A-8533E87C553F}.AppStore|ARM.ActiveCfg = Debug|Any CPU
		{93DAEE62-DFF0-489D-836A-8533E87C553F}.AppStore|ARM.Build.0 = Debug|Any CPU
		{93DAEE62-DFF0-489D-836A-8533E87C553F}.AppStore|iPhone.ActiveCfg = Debug|Any CPU
		{93DAEE62-DFF0-489D-836A-8533E87C553F}.AppStore|iPhoneSimulator.ActiveCfg = Debug|Any CPU
		{93DAEE62-DFF0-489D-836A-8533E87C553F}.AppStore|iPhoneSimulator.Build.0 = Debug|Any CPU
		{93DAEE62-DFF0-489D-836A-8533E87C553F}.AppStore|x64.ActiveCfg = Debug|Any CPU
		{93DAEE62-DFF0-489D-836A-8533E87C553F}.AppStore|x64.Build.0 = Debug|Any CPU
		{93DAEE62-DFF0-489D-836A-8533E87C553F}.AppStore|x86.ActiveCfg = Debug|Any CPU
		{93DAEE62-DFF0-489D-836A-8533E87C553F}.AppStore|x86.Build.0 = Debug|Any CPU
		{93DAEE62-DFF0-489D-836A-8533E87C553F}.Debug|Any CPU.ActiveCfg = Debug|Any CPU
		{93DAEE62-DFF0-489D-836A-8533E87C553F}.Debug|Any CPU.Build.0 = Debug|Any CPU
		{93DAEE62-DFF0-489D-836A-8533E87C553F}.Debug|ARM.ActiveCfg = Debug|Any CPU
		{93DAEE62-DFF0-489D-836A-8533E87C553F}.Debug|ARM.Build.0 = Debug|Any CPU
		{93DAEE62-DFF0-489D-836A-8533E87C553F}.Debug|iPhone.ActiveCfg = Debug|Any CPU
		{93DAEE62-DFF0-489D-836A-8533E87C553F}.Debug|iPhone.Build.0 = Debug|Any CPU
		{93DAEE62-DFF0-489D-836A-8533E87C553F}.Debug|iPhoneSimulator.ActiveCfg = Debug|Any CPU
		{93DAEE62-DFF0-489D-836A-8533E87C553F}.Debug|x64.ActiveCfg = Debug|Any CPU
		{93DAEE62-DFF0-489D-836A-8533E87C553F}.Debug|x86.ActiveCfg = Debug|Any CPU
		{93DAEE62-DFF0-489D-836A-8533E87C553F}.Debug|x86.Build.0 = Debug|Any CPU
		{93DAEE62-DFF0-489D-836A-8533E87C553F}.Release|Any CPU.ActiveCfg = Release|Any CPU
		{93DAEE62-DFF0-489D-836A-8533E87C553F}.Release|Any CPU.Build.0 = Release|Any CPU
		{93DAEE62-DFF0-489D-836A-8533E87C553F}.Release|ARM.ActiveCfg = Release|Any CPU
		{93DAEE62-DFF0-489D-836A-8533E87C553F}.Release|ARM.Build.0 = Release|Any CPU
		{93DAEE62-DFF0-489D-836A-8533E87C553F}.Release|iPhone.ActiveCfg = Release|Any CPU
		{93DAEE62-DFF0-489D-836A-8533E87C553F}.Release|iPhone.Build.0 = Release|Any CPU
		{93DAEE62-DFF0-489D-836A-8533E87C553F}.Release|iPhoneSimulator.ActiveCfg = Release|Any CPU
		{93DAEE62-DFF0-489D-836A-8533E87C553F}.Release|iPhoneSimulator.Build.0 = Release|Any CPU
		{93DAEE62-DFF0-489D-836A-8533E87C553F}.Release|x64.ActiveCfg = Release|Any CPU
		{93DAEE62-DFF0-489D-836A-8533E87C553F}.Release|x64.Build.0 = Release|Any CPU
		{93DAEE62-DFF0-489D-836A-8533E87C553F}.Release|x86.ActiveCfg = Release|Any CPU
		{93DAEE62-DFF0-489D-836A-8533E87C553F}.Release|x86.Build.0 = Release|Any CPU
		{027A002E-DC10-4743-B278-D5304813F6B6}.Ad-Hoc|Any CPU.ActiveCfg = Debug|Any CPU
		{027A002E-DC10-4743-B278-D5304813F6B6}.Ad-Hoc|Any CPU.Build.0 = Debug|Any CPU
		{027A002E-DC10-4743-B278-D5304813F6B6}.Ad-Hoc|ARM.ActiveCfg = Debug|Any CPU
		{027A002E-DC10-4743-B278-D5304813F6B6}.Ad-Hoc|ARM.Build.0 = Debug|Any CPU
		{027A002E-DC10-4743-B278-D5304813F6B6}.Ad-Hoc|iPhone.ActiveCfg = Debug|Any CPU
		{027A002E-DC10-4743-B278-D5304813F6B6}.Ad-Hoc|iPhone.Build.0 = Debug|Any CPU
		{027A002E-DC10-4743-B278-D5304813F6B6}.Ad-Hoc|iPhoneSimulator.ActiveCfg = Debug|Any CPU
		{027A002E-DC10-4743-B278-D5304813F6B6}.Ad-Hoc|iPhoneSimulator.Build.0 = Debug|Any CPU
		{027A002E-DC10-4743-B278-D5304813F6B6}.Ad-Hoc|x64.ActiveCfg = Debug|Any CPU
		{027A002E-DC10-4743-B278-D5304813F6B6}.Ad-Hoc|x64.Build.0 = Debug|Any CPU
		{027A002E-DC10-4743-B278-D5304813F6B6}.Ad-Hoc|x86.ActiveCfg = Debug|Any CPU
		{027A002E-DC10-4743-B278-D5304813F6B6}.Ad-Hoc|x86.Build.0 = Debug|Any CPU
		{027A002E-DC10-4743-B278-D5304813F6B6}.AppStore|Any CPU.ActiveCfg = Debug|Any CPU
		{027A002E-DC10-4743-B278-D5304813F6B6}.AppStore|Any CPU.Build.0 = Debug|Any CPU
		{027A002E-DC10-4743-B278-D5304813F6B6}.AppStore|ARM.ActiveCfg = Debug|Any CPU
		{027A002E-DC10-4743-B278-D5304813F6B6}.AppStore|ARM.Build.0 = Debug|Any CPU
		{027A002E-DC10-4743-B278-D5304813F6B6}.AppStore|iPhone.ActiveCfg = Debug|Any CPU
		{027A002E-DC10-4743-B278-D5304813F6B6}.AppStore|iPhoneSimulator.ActiveCfg = Debug|Any CPU
		{027A002E-DC10-4743-B278-D5304813F6B6}.AppStore|iPhoneSimulator.Build.0 = Debug|Any CPU
		{027A002E-DC10-4743-B278-D5304813F6B6}.AppStore|x64.ActiveCfg = Debug|Any CPU
		{027A002E-DC10-4743-B278-D5304813F6B6}.AppStore|x64.Build.0 = Debug|Any CPU
		{027A002E-DC10-4743-B278-D5304813F6B6}.AppStore|x86.ActiveCfg = Debug|Any CPU
		{027A002E-DC10-4743-B278-D5304813F6B6}.AppStore|x86.Build.0 = Debug|Any CPU
		{027A002E-DC10-4743-B278-D5304813F6B6}.Debug|Any CPU.ActiveCfg = Debug|Any CPU
		{027A002E-DC10-4743-B278-D5304813F6B6}.Debug|Any CPU.Build.0 = Debug|Any CPU
		{027A002E-DC10-4743-B278-D5304813F6B6}.Debug|ARM.ActiveCfg = Debug|Any CPU
		{027A002E-DC10-4743-B278-D5304813F6B6}.Debug|ARM.Build.0 = Debug|Any CPU
		{027A002E-DC10-4743-B278-D5304813F6B6}.Debug|iPhone.ActiveCfg = Debug|Any CPU
		{027A002E-DC10-4743-B278-D5304813F6B6}.Debug|iPhone.Build.0 = Debug|Any CPU
		{027A002E-DC10-4743-B278-D5304813F6B6}.Debug|iPhoneSimulator.ActiveCfg = Debug|Any CPU
		{027A002E-DC10-4743-B278-D5304813F6B6}.Debug|x64.ActiveCfg = Debug|Any CPU
		{027A002E-DC10-4743-B278-D5304813F6B6}.Debug|x86.ActiveCfg = Debug|Any CPU
		{027A002E-DC10-4743-B278-D5304813F6B6}.Debug|x86.Build.0 = Debug|Any CPU
		{027A002E-DC10-4743-B278-D5304813F6B6}.Release|Any CPU.ActiveCfg = Release|Any CPU
		{027A002E-DC10-4743-B278-D5304813F6B6}.Release|Any CPU.Build.0 = Release|Any CPU
		{027A002E-DC10-4743-B278-D5304813F6B6}.Release|ARM.ActiveCfg = Release|Any CPU
		{027A002E-DC10-4743-B278-D5304813F6B6}.Release|ARM.Build.0 = Release|Any CPU
		{027A002E-DC10-4743-B278-D5304813F6B6}.Release|iPhone.ActiveCfg = Release|Any CPU
		{027A002E-DC10-4743-B278-D5304813F6B6}.Release|iPhone.Build.0 = Release|Any CPU
		{027A002E-DC10-4743-B278-D5304813F6B6}.Release|iPhoneSimulator.ActiveCfg = Release|Any CPU
		{027A002E-DC10-4743-B278-D5304813F6B6}.Release|iPhoneSimulator.Build.0 = Release|Any CPU
		{027A002E-DC10-4743-B278-D5304813F6B6}.Release|x64.ActiveCfg = Release|Any CPU
		{027A002E-DC10-4743-B278-D5304813F6B6}.Release|x64.Build.0 = Release|Any CPU
		{027A002E-DC10-4743-B278-D5304813F6B6}.Release|x86.ActiveCfg = Release|Any CPU
		{027A002E-DC10-4743-B278-D5304813F6B6}.Release|x86.Build.0 = Release|Any CPU
		{FE263F24-28E4-4B66-8EBD-CB591DCE0DEC}.Ad-Hoc|Any CPU.ActiveCfg = Debug|Any CPU
		{FE263F24-28E4-4B66-8EBD-CB591DCE0DEC}.Ad-Hoc|Any CPU.Build.0 = Debug|Any CPU
		{FE263F24-28E4-4B66-8EBD-CB591DCE0DEC}.Ad-Hoc|ARM.ActiveCfg = Debug|Any CPU
		{FE263F24-28E4-4B66-8EBD-CB591DCE0DEC}.Ad-Hoc|ARM.Build.0 = Debug|Any CPU
		{FE263F24-28E4-4B66-8EBD-CB591DCE0DEC}.Ad-Hoc|iPhone.ActiveCfg = Debug|Any CPU
		{FE263F24-28E4-4B66-8EBD-CB591DCE0DEC}.Ad-Hoc|iPhone.Build.0 = Debug|Any CPU
		{FE263F24-28E4-4B66-8EBD-CB591DCE0DEC}.Ad-Hoc|iPhoneSimulator.ActiveCfg = Debug|Any CPU
		{FE263F24-28E4-4B66-8EBD-CB591DCE0DEC}.Ad-Hoc|iPhoneSimulator.Build.0 = Debug|Any CPU
		{FE263F24-28E4-4B66-8EBD-CB591DCE0DEC}.Ad-Hoc|x64.ActiveCfg = Debug|Any CPU
		{FE263F24-28E4-4B66-8EBD-CB591DCE0DEC}.Ad-Hoc|x64.Build.0 = Debug|Any CPU
		{FE263F24-28E4-4B66-8EBD-CB591DCE0DEC}.Ad-Hoc|x86.ActiveCfg = Debug|Any CPU
		{FE263F24-28E4-4B66-8EBD-CB591DCE0DEC}.Ad-Hoc|x86.Build.0 = Debug|Any CPU
		{FE263F24-28E4-4B66-8EBD-CB591DCE0DEC}.AppStore|Any CPU.ActiveCfg = Debug|Any CPU
		{FE263F24-28E4-4B66-8EBD-CB591DCE0DEC}.AppStore|Any CPU.Build.0 = Debug|Any CPU
		{FE263F24-28E4-4B66-8EBD-CB591DCE0DEC}.AppStore|ARM.ActiveCfg = Debug|Any CPU
		{FE263F24-28E4-4B66-8EBD-CB591DCE0DEC}.AppStore|ARM.Build.0 = Debug|Any CPU
		{FE263F24-28E4-4B66-8EBD-CB591DCE0DEC}.AppStore|iPhone.ActiveCfg = Debug|Any CPU
		{FE263F24-28E4-4B66-8EBD-CB591DCE0DEC}.AppStore|iPhoneSimulator.ActiveCfg = Debug|Any CPU
		{FE263F24-28E4-4B66-8EBD-CB591DCE0DEC}.AppStore|iPhoneSimulator.Build.0 = Debug|Any CPU
		{FE263F24-28E4-4B66-8EBD-CB591DCE0DEC}.AppStore|x64.ActiveCfg = Debug|Any CPU
		{FE263F24-28E4-4B66-8EBD-CB591DCE0DEC}.AppStore|x64.Build.0 = Debug|Any CPU
		{FE263F24-28E4-4B66-8EBD-CB591DCE0DEC}.AppStore|x86.ActiveCfg = Debug|Any CPU
		{FE263F24-28E4-4B66-8EBD-CB591DCE0DEC}.AppStore|x86.Build.0 = Debug|Any CPU
		{FE263F24-28E4-4B66-8EBD-CB591DCE0DEC}.Debug|Any CPU.ActiveCfg = Debug|Any CPU
		{FE263F24-28E4-4B66-8EBD-CB591DCE0DEC}.Debug|Any CPU.Build.0 = Debug|Any CPU
		{FE263F24-28E4-4B66-8EBD-CB591DCE0DEC}.Debug|ARM.ActiveCfg = Debug|Any CPU
		{FE263F24-28E4-4B66-8EBD-CB591DCE0DEC}.Debug|ARM.Build.0 = Debug|Any CPU
		{FE263F24-28E4-4B66-8EBD-CB591DCE0DEC}.Debug|iPhone.ActiveCfg = Debug|Any CPU
		{FE263F24-28E4-4B66-8EBD-CB591DCE0DEC}.Debug|iPhone.Build.0 = Debug|Any CPU
		{FE263F24-28E4-4B66-8EBD-CB591DCE0DEC}.Debug|iPhoneSimulator.ActiveCfg = Debug|Any CPU
		{FE263F24-28E4-4B66-8EBD-CB591DCE0DEC}.Debug|x64.ActiveCfg = Debug|Any CPU
		{FE263F24-28E4-4B66-8EBD-CB591DCE0DEC}.Debug|x86.ActiveCfg = Debug|Any CPU
		{FE263F24-28E4-4B66-8EBD-CB591DCE0DEC}.Debug|x86.Build.0 = Debug|Any CPU
		{FE263F24-28E4-4B66-8EBD-CB591DCE0DEC}.Release|Any CPU.ActiveCfg = Release|Any CPU
		{FE263F24-28E4-4B66-8EBD-CB591DCE0DEC}.Release|Any CPU.Build.0 = Release|Any CPU
		{FE263F24-28E4-4B66-8EBD-CB591DCE0DEC}.Release|ARM.ActiveCfg = Release|Any CPU
		{FE263F24-28E4-4B66-8EBD-CB591DCE0DEC}.Release|ARM.Build.0 = Release|Any CPU
		{FE263F24-28E4-4B66-8EBD-CB591DCE0DEC}.Release|iPhone.ActiveCfg = Release|Any CPU
		{FE263F24-28E4-4B66-8EBD-CB591DCE0DEC}.Release|iPhone.Build.0 = Release|Any CPU
		{FE263F24-28E4-4B66-8EBD-CB591DCE0DEC}.Release|iPhoneSimulator.ActiveCfg = Release|Any CPU
		{FE263F24-28E4-4B66-8EBD-CB591DCE0DEC}.Release|iPhoneSimulator.Build.0 = Release|Any CPU
		{FE263F24-28E4-4B66-8EBD-CB591DCE0DEC}.Release|x64.ActiveCfg = Release|Any CPU
		{FE263F24-28E4-4B66-8EBD-CB591DCE0DEC}.Release|x64.Build.0 = Release|Any CPU
		{FE263F24-28E4-4B66-8EBD-CB591DCE0DEC}.Release|x86.ActiveCfg = Release|Any CPU
		{FE263F24-28E4-4B66-8EBD-CB591DCE0DEC}.Release|x86.Build.0 = Release|Any CPU
		{4531A5D0-6992-4999-B676-2696964090AD}.Ad-Hoc|Any CPU.ActiveCfg = Debug|Any CPU
		{4531A5D0-6992-4999-B676-2696964090AD}.Ad-Hoc|Any CPU.Build.0 = Debug|Any CPU
		{4531A5D0-6992-4999-B676-2696964090AD}.Ad-Hoc|ARM.ActiveCfg = Debug|Any CPU
		{4531A5D0-6992-4999-B676-2696964090AD}.Ad-Hoc|ARM.Build.0 = Debug|Any CPU
		{4531A5D0-6992-4999-B676-2696964090AD}.Ad-Hoc|iPhone.ActiveCfg = Debug|Any CPU
		{4531A5D0-6992-4999-B676-2696964090AD}.Ad-Hoc|iPhone.Build.0 = Debug|Any CPU
		{4531A5D0-6992-4999-B676-2696964090AD}.Ad-Hoc|iPhoneSimulator.ActiveCfg = Debug|Any CPU
		{4531A5D0-6992-4999-B676-2696964090AD}.Ad-Hoc|iPhoneSimulator.Build.0 = Debug|Any CPU
		{4531A5D0-6992-4999-B676-2696964090AD}.Ad-Hoc|x64.ActiveCfg = Debug|Any CPU
		{4531A5D0-6992-4999-B676-2696964090AD}.Ad-Hoc|x64.Build.0 = Debug|Any CPU
		{4531A5D0-6992-4999-B676-2696964090AD}.Ad-Hoc|x86.ActiveCfg = Debug|Any CPU
		{4531A5D0-6992-4999-B676-2696964090AD}.Ad-Hoc|x86.Build.0 = Debug|Any CPU
		{4531A5D0-6992-4999-B676-2696964090AD}.AppStore|Any CPU.ActiveCfg = Debug|Any CPU
		{4531A5D0-6992-4999-B676-2696964090AD}.AppStore|Any CPU.Build.0 = Debug|Any CPU
		{4531A5D0-6992-4999-B676-2696964090AD}.AppStore|ARM.ActiveCfg = Debug|Any CPU
		{4531A5D0-6992-4999-B676-2696964090AD}.AppStore|ARM.Build.0 = Debug|Any CPU
		{4531A5D0-6992-4999-B676-2696964090AD}.AppStore|iPhone.ActiveCfg = Debug|Any CPU
		{4531A5D0-6992-4999-B676-2696964090AD}.AppStore|iPhoneSimulator.ActiveCfg = Debug|Any CPU
		{4531A5D0-6992-4999-B676-2696964090AD}.AppStore|iPhoneSimulator.Build.0 = Debug|Any CPU
		{4531A5D0-6992-4999-B676-2696964090AD}.AppStore|x64.ActiveCfg = Debug|Any CPU
		{4531A5D0-6992-4999-B676-2696964090AD}.AppStore|x64.Build.0 = Debug|Any CPU
		{4531A5D0-6992-4999-B676-2696964090AD}.AppStore|x86.ActiveCfg = Debug|Any CPU
		{4531A5D0-6992-4999-B676-2696964090AD}.AppStore|x86.Build.0 = Debug|Any CPU
		{4531A5D0-6992-4999-B676-2696964090AD}.Debug|Any CPU.ActiveCfg = Debug|Any CPU
		{4531A5D0-6992-4999-B676-2696964090AD}.Debug|Any CPU.Build.0 = Debug|Any CPU
		{4531A5D0-6992-4999-B676-2696964090AD}.Debug|ARM.ActiveCfg = Debug|Any CPU
		{4531A5D0-6992-4999-B676-2696964090AD}.Debug|ARM.Build.0 = Debug|Any CPU
		{4531A5D0-6992-4999-B676-2696964090AD}.Debug|iPhone.ActiveCfg = Debug|Any CPU
		{4531A5D0-6992-4999-B676-2696964090AD}.Debug|iPhone.Build.0 = Debug|Any CPU
		{4531A5D0-6992-4999-B676-2696964090AD}.Debug|iPhoneSimulator.ActiveCfg = Debug|Any CPU
		{4531A5D0-6992-4999-B676-2696964090AD}.Debug|x64.ActiveCfg = Debug|Any CPU
		{4531A5D0-6992-4999-B676-2696964090AD}.Debug|x86.ActiveCfg = Debug|Any CPU
		{4531A5D0-6992-4999-B676-2696964090AD}.Debug|x86.Build.0 = Debug|Any CPU
		{4531A5D0-6992-4999-B676-2696964090AD}.Release|Any CPU.ActiveCfg = Release|Any CPU
		{4531A5D0-6992-4999-B676-2696964090AD}.Release|Any CPU.Build.0 = Release|Any CPU
		{4531A5D0-6992-4999-B676-2696964090AD}.Release|ARM.ActiveCfg = Release|Any CPU
		{4531A5D0-6992-4999-B676-2696964090AD}.Release|ARM.Build.0 = Release|Any CPU
		{4531A5D0-6992-4999-B676-2696964090AD}.Release|iPhone.ActiveCfg = Release|Any CPU
		{4531A5D0-6992-4999-B676-2696964090AD}.Release|iPhone.Build.0 = Release|Any CPU
		{4531A5D0-6992-4999-B676-2696964090AD}.Release|iPhoneSimulator.ActiveCfg = Release|Any CPU
		{4531A5D0-6992-4999-B676-2696964090AD}.Release|iPhoneSimulator.Build.0 = Release|Any CPU
		{4531A5D0-6992-4999-B676-2696964090AD}.Release|x64.ActiveCfg = Release|Any CPU
		{4531A5D0-6992-4999-B676-2696964090AD}.Release|x64.Build.0 = Release|Any CPU
		{4531A5D0-6992-4999-B676-2696964090AD}.Release|x86.ActiveCfg = Release|Any CPU
		{4531A5D0-6992-4999-B676-2696964090AD}.Release|x86.Build.0 = Release|Any CPU
		{0622066C-F219-4B01-8A92-73BAC7995B6F}.AppStore|x86.ActiveCfg = Debug|Any CPU
		{0622066C-F219-4B01-8A92-73BAC7995B6F}.AppStore|x86.Build.0 = Debug|Any CPU
		{37F83016-BBF8-42F3-9A04-46A8FEE0C046}.Ad-Hoc|Any CPU.ActiveCfg = Debug|Any CPU
		{37F83016-BBF8-42F3-9A04-46A8FEE0C046}.Ad-Hoc|Any CPU.Build.0 = Debug|Any CPU
		{37F83016-BBF8-42F3-9A04-46A8FEE0C046}.Ad-Hoc|ARM.ActiveCfg = Debug|Any CPU
		{37F83016-BBF8-42F3-9A04-46A8FEE0C046}.Ad-Hoc|ARM.Build.0 = Debug|Any CPU
		{37F83016-BBF8-42F3-9A04-46A8FEE0C046}.Ad-Hoc|iPhone.ActiveCfg = Debug|Any CPU
		{37F83016-BBF8-42F3-9A04-46A8FEE0C046}.Ad-Hoc|iPhone.Build.0 = Debug|Any CPU
		{37F83016-BBF8-42F3-9A04-46A8FEE0C046}.Ad-Hoc|iPhoneSimulator.ActiveCfg = Debug|Any CPU
		{37F83016-BBF8-42F3-9A04-46A8FEE0C046}.Ad-Hoc|iPhoneSimulator.Build.0 = Debug|Any CPU
		{37F83016-BBF8-42F3-9A04-46A8FEE0C046}.Ad-Hoc|x64.ActiveCfg = Debug|Any CPU
		{37F83016-BBF8-42F3-9A04-46A8FEE0C046}.Ad-Hoc|x64.Build.0 = Debug|Any CPU
		{37F83016-BBF8-42F3-9A04-46A8FEE0C046}.Ad-Hoc|x86.ActiveCfg = Debug|Any CPU
		{37F83016-BBF8-42F3-9A04-46A8FEE0C046}.Ad-Hoc|x86.Build.0 = Debug|Any CPU
		{37F83016-BBF8-42F3-9A04-46A8FEE0C046}.AppStore|Any CPU.ActiveCfg = Debug|Any CPU
		{37F83016-BBF8-42F3-9A04-46A8FEE0C046}.AppStore|Any CPU.Build.0 = Debug|Any CPU
		{37F83016-BBF8-42F3-9A04-46A8FEE0C046}.AppStore|ARM.ActiveCfg = Debug|Any CPU
		{37F83016-BBF8-42F3-9A04-46A8FEE0C046}.AppStore|ARM.Build.0 = Debug|Any CPU
		{37F83016-BBF8-42F3-9A04-46A8FEE0C046}.AppStore|iPhone.ActiveCfg = Debug|Any CPU
		{37F83016-BBF8-42F3-9A04-46A8FEE0C046}.AppStore|iPhone.Build.0 = Debug|Any CPU
		{37F83016-BBF8-42F3-9A04-46A8FEE0C046}.AppStore|iPhoneSimulator.ActiveCfg = Debug|Any CPU
		{37F83016-BBF8-42F3-9A04-46A8FEE0C046}.AppStore|iPhoneSimulator.Build.0 = Debug|Any CPU
		{37F83016-BBF8-42F3-9A04-46A8FEE0C046}.AppStore|x64.ActiveCfg = Debug|Any CPU
		{37F83016-BBF8-42F3-9A04-46A8FEE0C046}.AppStore|x64.Build.0 = Debug|Any CPU
		{37F83016-BBF8-42F3-9A04-46A8FEE0C046}.AppStore|x86.ActiveCfg = Debug|Any CPU
		{37F83016-BBF8-42F3-9A04-46A8FEE0C046}.AppStore|x86.Build.0 = Debug|Any CPU
		{37F83016-BBF8-42F3-9A04-46A8FEE0C046}.Debug|Any CPU.ActiveCfg = Debug|Any CPU
		{37F83016-BBF8-42F3-9A04-46A8FEE0C046}.Debug|Any CPU.Build.0 = Debug|Any CPU
		{37F83016-BBF8-42F3-9A04-46A8FEE0C046}.Debug|ARM.ActiveCfg = Debug|Any CPU
		{37F83016-BBF8-42F3-9A04-46A8FEE0C046}.Debug|ARM.Build.0 = Debug|Any CPU
		{37F83016-BBF8-42F3-9A04-46A8FEE0C046}.Debug|iPhone.ActiveCfg = Debug|Any CPU
		{37F83016-BBF8-42F3-9A04-46A8FEE0C046}.Debug|iPhone.Build.0 = Debug|Any CPU
		{37F83016-BBF8-42F3-9A04-46A8FEE0C046}.Debug|iPhoneSimulator.ActiveCfg = Debug|Any CPU
		{37F83016-BBF8-42F3-9A04-46A8FEE0C046}.Debug|iPhoneSimulator.Build.0 = Debug|Any CPU
		{37F83016-BBF8-42F3-9A04-46A8FEE0C046}.Debug|x64.ActiveCfg = Debug|Any CPU
		{37F83016-BBF8-42F3-9A04-46A8FEE0C046}.Debug|x64.Build.0 = Debug|Any CPU
		{37F83016-BBF8-42F3-9A04-46A8FEE0C046}.Debug|x86.ActiveCfg = Debug|Any CPU
		{37F83016-BBF8-42F3-9A04-46A8FEE0C046}.Debug|x86.Build.0 = Debug|Any CPU
		{37F83016-BBF8-42F3-9A04-46A8FEE0C046}.Release|Any CPU.ActiveCfg = Release|Any CPU
		{37F83016-BBF8-42F3-9A04-46A8FEE0C046}.Release|Any CPU.Build.0 = Release|Any CPU
		{37F83016-BBF8-42F3-9A04-46A8FEE0C046}.Release|ARM.ActiveCfg = Release|Any CPU
		{37F83016-BBF8-42F3-9A04-46A8FEE0C046}.Release|ARM.Build.0 = Release|Any CPU
		{37F83016-BBF8-42F3-9A04-46A8FEE0C046}.Release|iPhone.ActiveCfg = Release|Any CPU
		{37F83016-BBF8-42F3-9A04-46A8FEE0C046}.Release|iPhone.Build.0 = Release|Any CPU
		{37F83016-BBF8-42F3-9A04-46A8FEE0C046}.Release|iPhoneSimulator.ActiveCfg = Release|Any CPU
		{37F83016-BBF8-42F3-9A04-46A8FEE0C046}.Release|iPhoneSimulator.Build.0 = Release|Any CPU
		{37F83016-BBF8-42F3-9A04-46A8FEE0C046}.Release|x64.ActiveCfg = Release|Any CPU
		{37F83016-BBF8-42F3-9A04-46A8FEE0C046}.Release|x64.Build.0 = Release|Any CPU
		{37F83016-BBF8-42F3-9A04-46A8FEE0C046}.Release|x86.ActiveCfg = Release|Any CPU
		{37F83016-BBF8-42F3-9A04-46A8FEE0C046}.Release|x86.Build.0 = Release|Any CPU
		{953B273D-99BC-4C1D-85E4-5CFDB9B5D94C}.Ad-Hoc|Any CPU.ActiveCfg = Debug|Any CPU
		{953B273D-99BC-4C1D-85E4-5CFDB9B5D94C}.Ad-Hoc|Any CPU.Build.0 = Debug|Any CPU
		{953B273D-99BC-4C1D-85E4-5CFDB9B5D94C}.Ad-Hoc|ARM.ActiveCfg = Debug|Any CPU
		{953B273D-99BC-4C1D-85E4-5CFDB9B5D94C}.Ad-Hoc|ARM.Build.0 = Debug|Any CPU
		{953B273D-99BC-4C1D-85E4-5CFDB9B5D94C}.Ad-Hoc|iPhone.ActiveCfg = Debug|Any CPU
		{953B273D-99BC-4C1D-85E4-5CFDB9B5D94C}.Ad-Hoc|iPhone.Build.0 = Debug|Any CPU
		{953B273D-99BC-4C1D-85E4-5CFDB9B5D94C}.Ad-Hoc|iPhoneSimulator.ActiveCfg = Debug|Any CPU
		{953B273D-99BC-4C1D-85E4-5CFDB9B5D94C}.Ad-Hoc|iPhoneSimulator.Build.0 = Debug|Any CPU
		{953B273D-99BC-4C1D-85E4-5CFDB9B5D94C}.Ad-Hoc|x64.ActiveCfg = Debug|Any CPU
		{953B273D-99BC-4C1D-85E4-5CFDB9B5D94C}.Ad-Hoc|x64.Build.0 = Debug|Any CPU
		{953B273D-99BC-4C1D-85E4-5CFDB9B5D94C}.Ad-Hoc|x86.ActiveCfg = Debug|Any CPU
		{953B273D-99BC-4C1D-85E4-5CFDB9B5D94C}.Ad-Hoc|x86.Build.0 = Debug|Any CPU
		{953B273D-99BC-4C1D-85E4-5CFDB9B5D94C}.AppStore|Any CPU.ActiveCfg = Debug|Any CPU
		{953B273D-99BC-4C1D-85E4-5CFDB9B5D94C}.AppStore|Any CPU.Build.0 = Debug|Any CPU
		{953B273D-99BC-4C1D-85E4-5CFDB9B5D94C}.AppStore|ARM.ActiveCfg = Debug|Any CPU
		{953B273D-99BC-4C1D-85E4-5CFDB9B5D94C}.AppStore|ARM.Build.0 = Debug|Any CPU
		{953B273D-99BC-4C1D-85E4-5CFDB9B5D94C}.AppStore|iPhone.ActiveCfg = Debug|Any CPU
		{953B273D-99BC-4C1D-85E4-5CFDB9B5D94C}.AppStore|iPhone.Build.0 = Debug|Any CPU
		{953B273D-99BC-4C1D-85E4-5CFDB9B5D94C}.AppStore|iPhoneSimulator.ActiveCfg = Debug|Any CPU
		{953B273D-99BC-4C1D-85E4-5CFDB9B5D94C}.AppStore|iPhoneSimulator.Build.0 = Debug|Any CPU
		{953B273D-99BC-4C1D-85E4-5CFDB9B5D94C}.AppStore|x64.ActiveCfg = Debug|Any CPU
		{953B273D-99BC-4C1D-85E4-5CFDB9B5D94C}.AppStore|x64.Build.0 = Debug|Any CPU
		{953B273D-99BC-4C1D-85E4-5CFDB9B5D94C}.AppStore|x86.ActiveCfg = Debug|Any CPU
		{953B273D-99BC-4C1D-85E4-5CFDB9B5D94C}.AppStore|x86.Build.0 = Debug|Any CPU
		{953B273D-99BC-4C1D-85E4-5CFDB9B5D94C}.Debug|Any CPU.ActiveCfg = Debug|Any CPU
		{953B273D-99BC-4C1D-85E4-5CFDB9B5D94C}.Debug|Any CPU.Build.0 = Debug|Any CPU
		{953B273D-99BC-4C1D-85E4-5CFDB9B5D94C}.Debug|ARM.ActiveCfg = Debug|Any CPU
		{953B273D-99BC-4C1D-85E4-5CFDB9B5D94C}.Debug|ARM.Build.0 = Debug|Any CPU
		{953B273D-99BC-4C1D-85E4-5CFDB9B5D94C}.Debug|iPhone.ActiveCfg = Debug|Any CPU
		{953B273D-99BC-4C1D-85E4-5CFDB9B5D94C}.Debug|iPhone.Build.0 = Debug|Any CPU
		{953B273D-99BC-4C1D-85E4-5CFDB9B5D94C}.Debug|iPhoneSimulator.ActiveCfg = Debug|Any CPU
		{953B273D-99BC-4C1D-85E4-5CFDB9B5D94C}.Debug|iPhoneSimulator.Build.0 = Debug|Any CPU
		{953B273D-99BC-4C1D-85E4-5CFDB9B5D94C}.Debug|x64.ActiveCfg = Debug|Any CPU
		{953B273D-99BC-4C1D-85E4-5CFDB9B5D94C}.Debug|x64.Build.0 = Debug|Any CPU
		{953B273D-99BC-4C1D-85E4-5CFDB9B5D94C}.Debug|x86.ActiveCfg = Debug|Any CPU
		{953B273D-99BC-4C1D-85E4-5CFDB9B5D94C}.Debug|x86.Build.0 = Debug|Any CPU
		{953B273D-99BC-4C1D-85E4-5CFDB9B5D94C}.Release|Any CPU.ActiveCfg = Release|Any CPU
		{953B273D-99BC-4C1D-85E4-5CFDB9B5D94C}.Release|Any CPU.Build.0 = Release|Any CPU
		{953B273D-99BC-4C1D-85E4-5CFDB9B5D94C}.Release|ARM.ActiveCfg = Release|Any CPU
		{953B273D-99BC-4C1D-85E4-5CFDB9B5D94C}.Release|ARM.Build.0 = Release|Any CPU
		{953B273D-99BC-4C1D-85E4-5CFDB9B5D94C}.Release|iPhone.ActiveCfg = Release|Any CPU
		{953B273D-99BC-4C1D-85E4-5CFDB9B5D94C}.Release|iPhone.Build.0 = Release|Any CPU
		{953B273D-99BC-4C1D-85E4-5CFDB9B5D94C}.Release|iPhoneSimulator.ActiveCfg = Release|Any CPU
		{953B273D-99BC-4C1D-85E4-5CFDB9B5D94C}.Release|iPhoneSimulator.Build.0 = Release|Any CPU
		{953B273D-99BC-4C1D-85E4-5CFDB9B5D94C}.Release|x64.ActiveCfg = Release|Any CPU
		{953B273D-99BC-4C1D-85E4-5CFDB9B5D94C}.Release|x64.Build.0 = Release|Any CPU
		{953B273D-99BC-4C1D-85E4-5CFDB9B5D94C}.Release|x86.ActiveCfg = Release|Any CPU
		{953B273D-99BC-4C1D-85E4-5CFDB9B5D94C}.Release|x86.Build.0 = Release|Any CPU
		{C027236E-3C14-4EC9-87F6-34D0786E8160}.Ad-Hoc|Any CPU.ActiveCfg = Debug|Any CPU
		{C027236E-3C14-4EC9-87F6-34D0786E8160}.Ad-Hoc|Any CPU.Build.0 = Debug|Any CPU
		{C027236E-3C14-4EC9-87F6-34D0786E8160}.Ad-Hoc|ARM.ActiveCfg = Debug|Any CPU
		{C027236E-3C14-4EC9-87F6-34D0786E8160}.Ad-Hoc|ARM.Build.0 = Debug|Any CPU
		{C027236E-3C14-4EC9-87F6-34D0786E8160}.Ad-Hoc|iPhone.ActiveCfg = Debug|Any CPU
		{C027236E-3C14-4EC9-87F6-34D0786E8160}.Ad-Hoc|iPhone.Build.0 = Debug|Any CPU
		{C027236E-3C14-4EC9-87F6-34D0786E8160}.Ad-Hoc|iPhoneSimulator.ActiveCfg = Debug|Any CPU
		{C027236E-3C14-4EC9-87F6-34D0786E8160}.Ad-Hoc|iPhoneSimulator.Build.0 = Debug|Any CPU
		{C027236E-3C14-4EC9-87F6-34D0786E8160}.Ad-Hoc|x64.ActiveCfg = Debug|Any CPU
		{C027236E-3C14-4EC9-87F6-34D0786E8160}.Ad-Hoc|x64.Build.0 = Debug|Any CPU
		{C027236E-3C14-4EC9-87F6-34D0786E8160}.Ad-Hoc|x86.ActiveCfg = Debug|Any CPU
		{C027236E-3C14-4EC9-87F6-34D0786E8160}.Ad-Hoc|x86.Build.0 = Debug|Any CPU
		{C027236E-3C14-4EC9-87F6-34D0786E8160}.AppStore|Any CPU.ActiveCfg = Debug|Any CPU
		{C027236E-3C14-4EC9-87F6-34D0786E8160}.AppStore|Any CPU.Build.0 = Debug|Any CPU
		{C027236E-3C14-4EC9-87F6-34D0786E8160}.AppStore|ARM.ActiveCfg = Debug|Any CPU
		{C027236E-3C14-4EC9-87F6-34D0786E8160}.AppStore|ARM.Build.0 = Debug|Any CPU
		{C027236E-3C14-4EC9-87F6-34D0786E8160}.AppStore|iPhone.ActiveCfg = Debug|Any CPU
		{C027236E-3C14-4EC9-87F6-34D0786E8160}.AppStore|iPhone.Build.0 = Debug|Any CPU
		{C027236E-3C14-4EC9-87F6-34D0786E8160}.AppStore|iPhoneSimulator.ActiveCfg = Debug|Any CPU
		{C027236E-3C14-4EC9-87F6-34D0786E8160}.AppStore|iPhoneSimulator.Build.0 = Debug|Any CPU
		{C027236E-3C14-4EC9-87F6-34D0786E8160}.AppStore|x64.ActiveCfg = Debug|Any CPU
		{C027236E-3C14-4EC9-87F6-34D0786E8160}.AppStore|x64.Build.0 = Debug|Any CPU
		{C027236E-3C14-4EC9-87F6-34D0786E8160}.AppStore|x86.ActiveCfg = Debug|Any CPU
		{C027236E-3C14-4EC9-87F6-34D0786E8160}.AppStore|x86.Build.0 = Debug|Any CPU
		{C027236E-3C14-4EC9-87F6-34D0786E8160}.Debug|Any CPU.ActiveCfg = Debug|Any CPU
		{C027236E-3C14-4EC9-87F6-34D0786E8160}.Debug|Any CPU.Build.0 = Debug|Any CPU
		{C027236E-3C14-4EC9-87F6-34D0786E8160}.Debug|ARM.ActiveCfg = Debug|Any CPU
		{C027236E-3C14-4EC9-87F6-34D0786E8160}.Debug|ARM.Build.0 = Debug|Any CPU
		{C027236E-3C14-4EC9-87F6-34D0786E8160}.Debug|iPhone.ActiveCfg = Debug|Any CPU
		{C027236E-3C14-4EC9-87F6-34D0786E8160}.Debug|iPhone.Build.0 = Debug|Any CPU
		{C027236E-3C14-4EC9-87F6-34D0786E8160}.Debug|iPhoneSimulator.ActiveCfg = Debug|Any CPU
		{C027236E-3C14-4EC9-87F6-34D0786E8160}.Debug|iPhoneSimulator.Build.0 = Debug|Any CPU
		{C027236E-3C14-4EC9-87F6-34D0786E8160}.Debug|x64.ActiveCfg = Debug|Any CPU
		{C027236E-3C14-4EC9-87F6-34D0786E8160}.Debug|x64.Build.0 = Debug|Any CPU
		{C027236E-3C14-4EC9-87F6-34D0786E8160}.Debug|x86.ActiveCfg = Debug|Any CPU
		{C027236E-3C14-4EC9-87F6-34D0786E8160}.Debug|x86.Build.0 = Debug|Any CPU
		{C027236E-3C14-4EC9-87F6-34D0786E8160}.Release|Any CPU.ActiveCfg = Release|Any CPU
		{C027236E-3C14-4EC9-87F6-34D0786E8160}.Release|Any CPU.Build.0 = Release|Any CPU
		{C027236E-3C14-4EC9-87F6-34D0786E8160}.Release|ARM.ActiveCfg = Release|Any CPU
		{C027236E-3C14-4EC9-87F6-34D0786E8160}.Release|ARM.Build.0 = Release|Any CPU
		{C027236E-3C14-4EC9-87F6-34D0786E8160}.Release|iPhone.ActiveCfg = Release|Any CPU
		{C027236E-3C14-4EC9-87F6-34D0786E8160}.Release|iPhone.Build.0 = Release|Any CPU
		{C027236E-3C14-4EC9-87F6-34D0786E8160}.Release|iPhoneSimulator.ActiveCfg = Release|Any CPU
		{C027236E-3C14-4EC9-87F6-34D0786E8160}.Release|iPhoneSimulator.Build.0 = Release|Any CPU
		{C027236E-3C14-4EC9-87F6-34D0786E8160}.Release|x64.ActiveCfg = Release|Any CPU
		{C027236E-3C14-4EC9-87F6-34D0786E8160}.Release|x64.Build.0 = Release|Any CPU
		{C027236E-3C14-4EC9-87F6-34D0786E8160}.Release|x86.ActiveCfg = Release|Any CPU
		{C027236E-3C14-4EC9-87F6-34D0786E8160}.Release|x86.Build.0 = Release|Any CPU
		{655C3DDA-36DB-4C54-B991-F9BD69EDB06A}.Ad-Hoc|Any CPU.ActiveCfg = Debug|Any CPU
		{655C3DDA-36DB-4C54-B991-F9BD69EDB06A}.Ad-Hoc|Any CPU.Build.0 = Debug|Any CPU
		{655C3DDA-36DB-4C54-B991-F9BD69EDB06A}.Ad-Hoc|ARM.ActiveCfg = Debug|Any CPU
		{655C3DDA-36DB-4C54-B991-F9BD69EDB06A}.Ad-Hoc|ARM.Build.0 = Debug|Any CPU
		{655C3DDA-36DB-4C54-B991-F9BD69EDB06A}.Ad-Hoc|iPhone.ActiveCfg = Debug|Any CPU
		{655C3DDA-36DB-4C54-B991-F9BD69EDB06A}.Ad-Hoc|iPhone.Build.0 = Debug|Any CPU
		{655C3DDA-36DB-4C54-B991-F9BD69EDB06A}.Ad-Hoc|iPhoneSimulator.ActiveCfg = Debug|Any CPU
		{655C3DDA-36DB-4C54-B991-F9BD69EDB06A}.Ad-Hoc|iPhoneSimulator.Build.0 = Debug|Any CPU
		{655C3DDA-36DB-4C54-B991-F9BD69EDB06A}.Ad-Hoc|x64.ActiveCfg = Debug|Any CPU
		{655C3DDA-36DB-4C54-B991-F9BD69EDB06A}.Ad-Hoc|x64.Build.0 = Debug|Any CPU
		{655C3DDA-36DB-4C54-B991-F9BD69EDB06A}.Ad-Hoc|x86.ActiveCfg = Debug|Any CPU
		{655C3DDA-36DB-4C54-B991-F9BD69EDB06A}.Ad-Hoc|x86.Build.0 = Debug|Any CPU
		{655C3DDA-36DB-4C54-B991-F9BD69EDB06A}.AppStore|Any CPU.ActiveCfg = Debug|Any CPU
		{655C3DDA-36DB-4C54-B991-F9BD69EDB06A}.AppStore|Any CPU.Build.0 = Debug|Any CPU
		{655C3DDA-36DB-4C54-B991-F9BD69EDB06A}.AppStore|ARM.ActiveCfg = Debug|Any CPU
		{655C3DDA-36DB-4C54-B991-F9BD69EDB06A}.AppStore|ARM.Build.0 = Debug|Any CPU
		{655C3DDA-36DB-4C54-B991-F9BD69EDB06A}.AppStore|iPhone.ActiveCfg = Debug|Any CPU
		{655C3DDA-36DB-4C54-B991-F9BD69EDB06A}.AppStore|iPhone.Build.0 = Debug|Any CPU
		{655C3DDA-36DB-4C54-B991-F9BD69EDB06A}.AppStore|iPhoneSimulator.ActiveCfg = Debug|Any CPU
		{655C3DDA-36DB-4C54-B991-F9BD69EDB06A}.AppStore|iPhoneSimulator.Build.0 = Debug|Any CPU
		{655C3DDA-36DB-4C54-B991-F9BD69EDB06A}.AppStore|x64.ActiveCfg = Debug|Any CPU
		{655C3DDA-36DB-4C54-B991-F9BD69EDB06A}.AppStore|x64.Build.0 = Debug|Any CPU
		{655C3DDA-36DB-4C54-B991-F9BD69EDB06A}.AppStore|x86.ActiveCfg = Debug|Any CPU
		{655C3DDA-36DB-4C54-B991-F9BD69EDB06A}.AppStore|x86.Build.0 = Debug|Any CPU
		{655C3DDA-36DB-4C54-B991-F9BD69EDB06A}.Debug|Any CPU.ActiveCfg = Debug|Any CPU
		{655C3DDA-36DB-4C54-B991-F9BD69EDB06A}.Debug|Any CPU.Build.0 = Debug|Any CPU
		{655C3DDA-36DB-4C54-B991-F9BD69EDB06A}.Debug|ARM.ActiveCfg = Debug|Any CPU
		{655C3DDA-36DB-4C54-B991-F9BD69EDB06A}.Debug|ARM.Build.0 = Debug|Any CPU
		{655C3DDA-36DB-4C54-B991-F9BD69EDB06A}.Debug|iPhone.ActiveCfg = Debug|Any CPU
		{655C3DDA-36DB-4C54-B991-F9BD69EDB06A}.Debug|iPhone.Build.0 = Debug|Any CPU
		{655C3DDA-36DB-4C54-B991-F9BD69EDB06A}.Debug|iPhoneSimulator.ActiveCfg = Debug|Any CPU
		{655C3DDA-36DB-4C54-B991-F9BD69EDB06A}.Debug|iPhoneSimulator.Build.0 = Debug|Any CPU
		{655C3DDA-36DB-4C54-B991-F9BD69EDB06A}.Debug|x64.ActiveCfg = Debug|Any CPU
		{655C3DDA-36DB-4C54-B991-F9BD69EDB06A}.Debug|x64.Build.0 = Debug|Any CPU
		{655C3DDA-36DB-4C54-B991-F9BD69EDB06A}.Debug|x86.ActiveCfg = Debug|Any CPU
		{655C3DDA-36DB-4C54-B991-F9BD69EDB06A}.Debug|x86.Build.0 = Debug|Any CPU
		{655C3DDA-36DB-4C54-B991-F9BD69EDB06A}.Release|Any CPU.ActiveCfg = Release|Any CPU
		{655C3DDA-36DB-4C54-B991-F9BD69EDB06A}.Release|Any CPU.Build.0 = Release|Any CPU
		{655C3DDA-36DB-4C54-B991-F9BD69EDB06A}.Release|ARM.ActiveCfg = Release|Any CPU
		{655C3DDA-36DB-4C54-B991-F9BD69EDB06A}.Release|ARM.Build.0 = Release|Any CPU
		{655C3DDA-36DB-4C54-B991-F9BD69EDB06A}.Release|iPhone.ActiveCfg = Release|Any CPU
		{655C3DDA-36DB-4C54-B991-F9BD69EDB06A}.Release|iPhone.Build.0 = Release|Any CPU
		{655C3DDA-36DB-4C54-B991-F9BD69EDB06A}.Release|iPhoneSimulator.ActiveCfg = Release|Any CPU
		{655C3DDA-36DB-4C54-B991-F9BD69EDB06A}.Release|iPhoneSimulator.Build.0 = Release|Any CPU
		{655C3DDA-36DB-4C54-B991-F9BD69EDB06A}.Release|x64.ActiveCfg = Release|Any CPU
		{655C3DDA-36DB-4C54-B991-F9BD69EDB06A}.Release|x64.Build.0 = Release|Any CPU
		{655C3DDA-36DB-4C54-B991-F9BD69EDB06A}.Release|x86.ActiveCfg = Release|Any CPU
		{655C3DDA-36DB-4C54-B991-F9BD69EDB06A}.Release|x86.Build.0 = Release|Any CPU
		{143D2FDD-2D5E-4237-B106-71A060F4E37E}.Ad-Hoc|Any CPU.ActiveCfg = Debug|Any CPU
		{143D2FDD-2D5E-4237-B106-71A060F4E37E}.Ad-Hoc|Any CPU.Build.0 = Debug|Any CPU
		{143D2FDD-2D5E-4237-B106-71A060F4E37E}.Ad-Hoc|ARM.ActiveCfg = Debug|Any CPU
		{143D2FDD-2D5E-4237-B106-71A060F4E37E}.Ad-Hoc|ARM.Build.0 = Debug|Any CPU
		{143D2FDD-2D5E-4237-B106-71A060F4E37E}.Ad-Hoc|iPhone.ActiveCfg = Debug|Any CPU
		{143D2FDD-2D5E-4237-B106-71A060F4E37E}.Ad-Hoc|iPhone.Build.0 = Debug|Any CPU
		{143D2FDD-2D5E-4237-B106-71A060F4E37E}.Ad-Hoc|iPhoneSimulator.ActiveCfg = Debug|Any CPU
		{143D2FDD-2D5E-4237-B106-71A060F4E37E}.Ad-Hoc|iPhoneSimulator.Build.0 = Debug|Any CPU
		{143D2FDD-2D5E-4237-B106-71A060F4E37E}.Ad-Hoc|x64.ActiveCfg = Debug|Any CPU
		{143D2FDD-2D5E-4237-B106-71A060F4E37E}.Ad-Hoc|x64.Build.0 = Debug|Any CPU
		{143D2FDD-2D5E-4237-B106-71A060F4E37E}.Ad-Hoc|x86.ActiveCfg = Debug|Any CPU
		{143D2FDD-2D5E-4237-B106-71A060F4E37E}.Ad-Hoc|x86.Build.0 = Debug|Any CPU
		{143D2FDD-2D5E-4237-B106-71A060F4E37E}.AppStore|Any CPU.ActiveCfg = Debug|Any CPU
		{143D2FDD-2D5E-4237-B106-71A060F4E37E}.AppStore|Any CPU.Build.0 = Debug|Any CPU
		{143D2FDD-2D5E-4237-B106-71A060F4E37E}.AppStore|ARM.ActiveCfg = Debug|Any CPU
		{143D2FDD-2D5E-4237-B106-71A060F4E37E}.AppStore|ARM.Build.0 = Debug|Any CPU
		{143D2FDD-2D5E-4237-B106-71A060F4E37E}.AppStore|iPhone.ActiveCfg = Debug|Any CPU
		{143D2FDD-2D5E-4237-B106-71A060F4E37E}.AppStore|iPhone.Build.0 = Debug|Any CPU
		{143D2FDD-2D5E-4237-B106-71A060F4E37E}.AppStore|iPhoneSimulator.ActiveCfg = Debug|Any CPU
		{143D2FDD-2D5E-4237-B106-71A060F4E37E}.AppStore|iPhoneSimulator.Build.0 = Debug|Any CPU
		{143D2FDD-2D5E-4237-B106-71A060F4E37E}.AppStore|x64.ActiveCfg = Debug|Any CPU
		{143D2FDD-2D5E-4237-B106-71A060F4E37E}.AppStore|x64.Build.0 = Debug|Any CPU
		{143D2FDD-2D5E-4237-B106-71A060F4E37E}.AppStore|x86.ActiveCfg = Debug|Any CPU
		{143D2FDD-2D5E-4237-B106-71A060F4E37E}.AppStore|x86.Build.0 = Debug|Any CPU
		{143D2FDD-2D5E-4237-B106-71A060F4E37E}.Debug|Any CPU.ActiveCfg = Debug|Any CPU
		{143D2FDD-2D5E-4237-B106-71A060F4E37E}.Debug|Any CPU.Build.0 = Debug|Any CPU
		{143D2FDD-2D5E-4237-B106-71A060F4E37E}.Debug|ARM.ActiveCfg = Debug|Any CPU
		{143D2FDD-2D5E-4237-B106-71A060F4E37E}.Debug|ARM.Build.0 = Debug|Any CPU
		{143D2FDD-2D5E-4237-B106-71A060F4E37E}.Debug|iPhone.ActiveCfg = Debug|Any CPU
		{143D2FDD-2D5E-4237-B106-71A060F4E37E}.Debug|iPhone.Build.0 = Debug|Any CPU
		{143D2FDD-2D5E-4237-B106-71A060F4E37E}.Debug|iPhoneSimulator.ActiveCfg = Debug|Any CPU
		{143D2FDD-2D5E-4237-B106-71A060F4E37E}.Debug|iPhoneSimulator.Build.0 = Debug|Any CPU
		{143D2FDD-2D5E-4237-B106-71A060F4E37E}.Debug|x64.ActiveCfg = Debug|Any CPU
		{143D2FDD-2D5E-4237-B106-71A060F4E37E}.Debug|x64.Build.0 = Debug|Any CPU
		{143D2FDD-2D5E-4237-B106-71A060F4E37E}.Debug|x86.ActiveCfg = Debug|Any CPU
		{143D2FDD-2D5E-4237-B106-71A060F4E37E}.Debug|x86.Build.0 = Debug|Any CPU
		{143D2FDD-2D5E-4237-B106-71A060F4E37E}.Release|Any CPU.ActiveCfg = Release|Any CPU
		{143D2FDD-2D5E-4237-B106-71A060F4E37E}.Release|Any CPU.Build.0 = Release|Any CPU
		{143D2FDD-2D5E-4237-B106-71A060F4E37E}.Release|ARM.ActiveCfg = Release|Any CPU
		{143D2FDD-2D5E-4237-B106-71A060F4E37E}.Release|ARM.Build.0 = Release|Any CPU
		{143D2FDD-2D5E-4237-B106-71A060F4E37E}.Release|iPhone.ActiveCfg = Release|Any CPU
		{143D2FDD-2D5E-4237-B106-71A060F4E37E}.Release|iPhone.Build.0 = Release|Any CPU
		{143D2FDD-2D5E-4237-B106-71A060F4E37E}.Release|iPhoneSimulator.ActiveCfg = Release|Any CPU
		{143D2FDD-2D5E-4237-B106-71A060F4E37E}.Release|iPhoneSimulator.Build.0 = Release|Any CPU
		{143D2FDD-2D5E-4237-B106-71A060F4E37E}.Release|x64.ActiveCfg = Release|Any CPU
		{143D2FDD-2D5E-4237-B106-71A060F4E37E}.Release|x64.Build.0 = Release|Any CPU
		{143D2FDD-2D5E-4237-B106-71A060F4E37E}.Release|x86.ActiveCfg = Release|Any CPU
		{143D2FDD-2D5E-4237-B106-71A060F4E37E}.Release|x86.Build.0 = Release|Any CPU
	EndGlobalSection
	GlobalSection(SolutionProperties) = preSolution
		HideSolutionNode = FALSE
	EndGlobalSection
	GlobalSection(NestedProjects) = preSolution
		{6855308C-EA15-45A9-BDE7-64E8CCFAA1D1} = {BF7280DD-B1C3-469B-9219-E8ACC2F631C3}
		{97F21E37-6797-4BE3-A7C6-113BBF83DDC2} = {BF7280DD-B1C3-469B-9219-E8ACC2F631C3}
		{CD473CB9-2C0F-41DB-B3C4-DD6FE850896C} = {BF7280DD-B1C3-469B-9219-E8ACC2F631C3}
		{9E0BEA86-2A3E-4458-B9B2-8E924E7F4717} = {BF7280DD-B1C3-469B-9219-E8ACC2F631C3}
		{46B34E8C-D309-4012-9A35-DDAF339D4E6A} = {BF7280DD-B1C3-469B-9219-E8ACC2F631C3}
		{FF997DC9-7658-474C-8CCB-53441B313E76} = {862A0595-9C71-46DE-9834-662062152BCF}
		{0810C888-14F9-4C8F-96D0-1B8ED90FEFEE} = {1685641B-8CD0-47DA-87DC-A7800BEDB2CD}
		{0622066C-F219-4B01-8A92-73BAC7995B6F} = {BF7280DD-B1C3-469B-9219-E8ACC2F631C3}
		{38BA90FD-E3ED-41EE-9C9C-30637DB86FBE} = {0810C888-14F9-4C8F-96D0-1B8ED90FEFEE}
		{CF5D56A6-688C-45BF-BEC3-171D8197910A} = {64DF1DB6-C748-49DF-9547-28A56B4D807A}
		{C1E6E7D2-DCBF-4ED6-AE8F-1AA55ACC0AEB} = {64DF1DB6-C748-49DF-9547-28A56B4D807A}
		{D3C70072-9876-43AA-A8E1-7F6620322694} = {862A0595-9C71-46DE-9834-662062152BCF}
		{7C8EA02D-D318-41EE-AE81-FB0CDC1F6289} = {862A0595-9C71-46DE-9834-662062152BCF}
		{93DAEE62-DFF0-489D-836A-8533E87C553F} = {7C8EA02D-D318-41EE-AE81-FB0CDC1F6289}
		{027A002E-DC10-4743-B278-D5304813F6B6} = {0810C888-14F9-4C8F-96D0-1B8ED90FEFEE}
		{FE263F24-28E4-4B66-8EBD-CB591DCE0DEC} = {7C8EA02D-D318-41EE-AE81-FB0CDC1F6289}
		{4531A5D0-6992-4999-B676-2696964090AD} = {7C8EA02D-D318-41EE-AE81-FB0CDC1F6289}
		{37F83016-BBF8-42F3-9A04-46A8FEE0C046} = {223B492B-39A6-48DC-8833-0C53DEDC12F9}
		{953B273D-99BC-4C1D-85E4-5CFDB9B5D94C} = {223B492B-39A6-48DC-8833-0C53DEDC12F9}
		{C027236E-3C14-4EC9-87F6-34D0786E8160} = {223B492B-39A6-48DC-8833-0C53DEDC12F9}
		{655C3DDA-36DB-4C54-B991-F9BD69EDB06A} = {223B492B-39A6-48DC-8833-0C53DEDC12F9}
		{143D2FDD-2D5E-4237-B106-71A060F4E37E} = {223B492B-39A6-48DC-8833-0C53DEDC12F9}
	EndGlobalSection
	GlobalSection(ExtensibilityGlobals) = postSolution
		SolutionGuid = {51A1C7F1-4B81-42AB-B4EE-747EE70039ED}
	EndGlobalSection
EndGlobal
